
Microsoft Visual Studio Solution File, Format Version 10.00
# Visual Studio 2008
Project("{FAE04EC0-301F-11D3-BF4B-00C04F79EFBC}") = "Textfyre.Common.WebCache", "Textfyre.Common.WebCache.csproj", "{1012B48B-A936-4DE4-A7AE-9264D29E120D}"
EndProject
Global
	GlobalSection(SolutionConfigurationPlatforms) = preSolution
		Debug|Any CPU = Debug|Any CPU
		Release|Any CPU = Release|Any CPU
	EndGlobalSection
	GlobalSection(ProjectConfigurationPlatforms) = postSolution
		{1012B48B-A936-4DE4-A7AE-9264D29E120D}.Debug|Any CPU.ActiveCfg = Debug|Any CPU
		{1012B48B-A936-4DE4-A7AE-9264D29E120D}.Debug|Any CPU.Build.0 = Debug|Any CPU
		{1012B48B-A936-4DE4-A7AE-9264D29E120D}.Release|Any CPU.ActiveCfg = Release|Any CPU
		{1012B48B-A936-4DE4-A7AE-9264D29E120D}.Release|Any CPU.Build.0 = Release|Any CPU
	EndGlobalSection
	GlobalSection(SolutionProperties) = preSolution
		HideSolutionNode = FALSE
	EndGlobalSection
EndGlobal
