
Microsoft Visual Studio Solution File, Format Version 10.00
# Visual Studio 2008
Project("{FAE04EC0-301F-11D3-BF4B-00C04F79EFBC}") = "FyreConsoleClient", "FyreConsoleClient\FyreConsoleClient.csproj", "{3C2D10B9-E7E0-44B4-B9DC-70ED0CB5E979}"
EndProject
Project("{FAE04EC0-301F-11D3-BF4B-00C04F79EFBC}") = "TextfyreVM", "..\..\..\sharedsource\trunk\fyrevmss-windows\TextfyreVM.csproj", "{61B1E1B1-82B8-42F7-9600-F57B0F254638}"
EndProject
Project("{54435603-DBB4-11D2-8724-00A0C9A8B90C}") = "SecretLetterConsoleInstaller", "..\SecretLetterConsoleInstaller\SecretLetterConsoleInstaller.vdproj", "{19B5290A-94F4-439F-A191-0A6AE0E57920}"
EndProject
Global
	GlobalSection(SolutionConfigurationPlatforms) = preSolution
		Debug|Any CPU = Debug|Any CPU
		Release|Any CPU = Release|Any CPU
	EndGlobalSection
	GlobalSection(ProjectConfigurationPlatforms) = postSolution
		{3C2D10B9-E7E0-44B4-B9DC-70ED0CB5E979}.Debug|Any CPU.ActiveCfg = Debug|Any CPU
		{3C2D10B9-E7E0-44B4-B9DC-70ED0CB5E979}.Debug|Any CPU.Build.0 = Debug|Any CPU
		{3C2D10B9-E7E0-44B4-B9DC-70ED0CB5E979}.Release|Any CPU.ActiveCfg = Release|Any CPU
		{3C2D10B9-E7E0-44B4-B9DC-70ED0CB5E979}.Release|Any CPU.Build.0 = Release|Any CPU
		{61B1E1B1-82B8-42F7-9600-F57B0F254638}.Debug|Any CPU.ActiveCfg = Debug|Any CPU
		{61B1E1B1-82B8-42F7-9600-F57B0F254638}.Debug|Any CPU.Build.0 = Debug|Any CPU
		{61B1E1B1-82B8-42F7-9600-F57B0F254638}.Release|Any CPU.ActiveCfg = Release|Any CPU
		{61B1E1B1-82B8-42F7-9600-F57B0F254638}.Release|Any CPU.Build.0 = Release|Any CPU
		{19B5290A-94F4-439F-A191-0A6AE0E57920}.Debug|Any CPU.ActiveCfg = Debug
		{19B5290A-94F4-439F-A191-0A6AE0E57920}.Release|Any CPU.ActiveCfg = Release
	EndGlobalSection
	GlobalSection(SolutionProperties) = preSolution
		HideSolutionNode = FALSE
	EndGlobalSection
EndGlobal
