
Microsoft Visual Studio Solution File, Format Version 10.00
# Visual Studio 2008
Project("{FAE04EC0-301F-11D3-BF4B-00C04F79EFBC}") = "WinFyre", "WinFyre\WinFyre.csproj", "{2C93422B-99F4-48B1-88E6-602A677F874B}"
EndProject
Project("{FAE04EC0-301F-11D3-BF4B-00C04F79EFBC}") = "FyreChannels", "..\FyreChannels\FyreChannels.csproj", "{982EAD2F-FF0B-4793-BBE8-F3DACCF98A90}"
EndProject
Global
	GlobalSection(SolutionConfigurationPlatforms) = preSolution
		Debug|Any CPU = Debug|Any CPU
		Release|Any CPU = Release|Any CPU
	EndGlobalSection
	GlobalSection(ProjectConfigurationPlatforms) = postSolution
		{2C93422B-99F4-48B1-88E6-602A677F874B}.Debug|Any CPU.ActiveCfg = Debug|Any CPU
		{2C93422B-99F4-48B1-88E6-602A677F874B}.Debug|Any CPU.Build.0 = Debug|Any CPU
		{2C93422B-99F4-48B1-88E6-602A677F874B}.Release|Any CPU.ActiveCfg = Release|Any CPU
		{2C93422B-99F4-48B1-88E6-602A677F874B}.Release|Any CPU.Build.0 = Release|Any CPU
		{982EAD2F-FF0B-4793-BBE8-F3DACCF98A90}.Debug|Any CPU.ActiveCfg = Debug|Any CPU
		{982EAD2F-FF0B-4793-BBE8-F3DACCF98A90}.Debug|Any CPU.Build.0 = Debug|Any CPU
		{982EAD2F-FF0B-4793-BBE8-F3DACCF98A90}.Release|Any CPU.ActiveCfg = Release|Any CPU
		{982EAD2F-FF0B-4793-BBE8-F3DACCF98A90}.Release|Any CPU.Build.0 = Release|Any CPU
	EndGlobalSection
	GlobalSection(SolutionProperties) = preSolution
		HideSolutionNode = FALSE
	EndGlobalSection
EndGlobal
