// !$*UTF8*$!
{
	archiveVersion = 1;
	classes = {
	};
	objectVersion = 46;
	objects = {

/* Begin PBXBuildFile section */
		1DDD58160DA1D0A300B32029 /* MainMenu.xib in Resources */ = {isa = PBXBuildFile; fileRef = 1DDD58140DA1D0A300B32029 /* MainMenu.xib */; };
		256AC3DA0F4B6AC300CF3369 /* fyrep_cocoaAppDelegate.m in Sources */ = {isa = PBXBuildFile; fileRef = 256AC3D90F4B6AC300CF3369 /* fyrep_cocoaAppDelegate.m */; };
		4F3E14B31114C8C000007CFC /* TFUlxImage.m in Sources */ = {isa = PBXBuildFile; fileRef = 4F3E14B21114C8C000007CFC /* TFUlxImage.m */; };
		4F3E153F1114E9B500007CFC /* GlulxConstants.m in Sources */ = {isa = PBXBuildFile; fileRef = 4F3E153E1114E9B500007CFC /* GlulxConstants.m */; };
		4F3E15A21114EE9800007CFC /* Cocoa.framework in Frameworks */ = {isa = PBXBuildFile; fileRef = 1058C7A1FEA54F0111CA2CBB /* Cocoa.framework */; };
		4F3E15A41114EEE000007CFC /* SenTestingKit.framework in Frameworks */ = {isa = PBXBuildFile; fileRef = 4F3E15A31114EEE000007CFC /* SenTestingKit.framework */; };
		4F3E15BB1114EEF500007CFC /* SenTestingKit.framework in Frameworks */ = {isa = PBXBuildFile; fileRef = 4F3E15A31114EEE000007CFC /* SenTestingKit.framework */; };
		4F3E15CE1114F04200007CFC /* TestTFUlxImage.m in Sources */ = {isa = PBXBuildFile; fileRef = 4F3E15CD1114F04200007CFC /* TestTFUlxImage.m */; };
		4F9503161116414F003A8841 /* sh-v1.2e.ulx in Resources */ = {isa = PBXBuildFile; fileRef = 4F9503151116414F003A8841 /* sh-v1.2e.ulx */; };
		4F95031C1116419C003A8841 /* sh-v1.0de.ulx in Resources */ = {isa = PBXBuildFile; fileRef = 4F8FD6241115864C00024CED /* sh-v1.0de.ulx */; };
		4FCCC100111549050001000B /* sh-v1.0e.ulx in Resources */ = {isa = PBXBuildFile; fileRef = 4FCCC0FE111548E30001000B /* sh-v1.0e.ulx */; };
		8D11072B0486CEB800E47090 /* InfoPlist.strings in Resources */ = {isa = PBXBuildFile; fileRef = 089C165CFE840E0CC02AAC07 /* InfoPlist.strings */; };
		8D11072D0486CEB800E47090 /* main.m in Sources */ = {isa = PBXBuildFile; fileRef = 29B97316FDCFA39411CA2CEA /* main.m */; settings = {ATTRIBUTES = (); }; };
		8D11072F0486CEB800E47090 /* Cocoa.framework in Frameworks */ = {isa = PBXBuildFile; fileRef = 1058C7A1FEA54F0111CA2CBB /* Cocoa.framework */; };
/* End PBXBuildFile section */

/* Begin PBXContainerItemProxy section */
		4FCCC12D11154AEA0001000B /* PBXContainerItemProxy */ = {
			isa = PBXContainerItemProxy;
			containerPortal = 29B97313FDCFA39411CA2CEA /* Project object */;
			proxyType = 1;
			remoteGlobalIDString = 8D1107260486CEB800E47090;
			remoteInfo = "fyrep-cocoa";
		};
/* End PBXContainerItemProxy section */

/* Begin PBXFileReference section */
		089C165DFE840E0CC02AAC07 /* English */ = {isa = PBXFileReference; fileEncoding = 4; lastKnownFileType = text.plist.strings; name = English; path = English.lproj/InfoPlist.strings; sourceTree = "<group>"; };
		1058C7A1FEA54F0111CA2CBB /* Cocoa.framework */ = {isa = PBXFileReference; lastKnownFileType = wrapper.framework; name = Cocoa.framework; path = /System/Library/Frameworks/Cocoa.framework; sourceTree = "<absolute>"; };
		1DDD58150DA1D0A300B32029 /* English */ = {isa = PBXFileReference; lastKnownFileType = file.xib; name = English; path = English.lproj/MainMenu.xib; sourceTree = "<group>"; };
		256AC3D80F4B6AC300CF3369 /* fyrep_cocoaAppDelegate.h */ = {isa = PBXFileReference; fileEncoding = 4; lastKnownFileType = sourcecode.c.h; path = fyrep_cocoaAppDelegate.h; sourceTree = "<group>"; };
		256AC3D90F4B6AC300CF3369 /* fyrep_cocoaAppDelegate.m */ = {isa = PBXFileReference; fileEncoding = 4; lastKnownFileType = sourcecode.c.objc; path = fyrep_cocoaAppDelegate.m; sourceTree = "<group>"; };
		256AC3F00F4B6AF500CF3369 /* fyrep_cocoa_Prefix.pch */ = {isa = PBXFileReference; fileEncoding = 4; lastKnownFileType = sourcecode.c.h; path = fyrep_cocoa_Prefix.pch; sourceTree = "<group>"; };
		29B97316FDCFA39411CA2CEA /* main.m */ = {isa = PBXFileReference; fileEncoding = 4; lastKnownFileType = sourcecode.c.objc; path = main.m; sourceTree = "<group>"; };
		29B97324FDCFA39411CA2CEA /* AppKit.framework */ = {isa = PBXFileReference; lastKnownFileType = wrapper.framework; name = AppKit.framework; path = /System/Library/Frameworks/AppKit.framework; sourceTree = "<absolute>"; };
		29B97325FDCFA39411CA2CEA /* Foundation.framework */ = {isa = PBXFileReference; lastKnownFileType = wrapper.framework; name = Foundation.framework; path = /System/Library/Frameworks/Foundation.framework; sourceTree = "<absolute>"; };
		4F3E14B11114C8C000007CFC /* TFUlxImage.h */ = {isa = PBXFileReference; fileEncoding = 4; lastKnownFileType = sourcecode.c.h; path = TFUlxImage.h; sourceTree = "<group>"; };
		4F3E14B21114C8C000007CFC /* TFUlxImage.m */ = {isa = PBXFileReference; fileEncoding = 4; lastKnownFileType = sourcecode.c.objc; path = TFUlxImage.m; sourceTree = "<group>"; };
		4F3E153D1114E9B500007CFC /* GlulxConstants.h */ = {isa = PBXFileReference; fileEncoding = 4; lastKnownFileType = sourcecode.c.h; path = GlulxConstants.h; sourceTree = "<group>"; };
		4F3E153E1114E9B500007CFC /* GlulxConstants.m */ = {isa = PBXFileReference; fileEncoding = 4; lastKnownFileType = sourcecode.c.objc; path = GlulxConstants.m; sourceTree = "<group>"; };
		4F3E157C1114EE6A00007CFC /* UnitTests.octest */ = {isa = PBXFileReference; explicitFileType = wrapper.cfbundle; includeInIndex = 0; path = UnitTests.octest; sourceTree = BUILT_PRODUCTS_DIR; };
		4F3E157D1114EE6A00007CFC /* UnitTests-Info.plist */ = {isa = PBXFileReference; lastKnownFileType = text.plist.xml; path = "UnitTests-Info.plist"; sourceTree = "<group>"; };
		4F3E15A31114EEE000007CFC /* SenTestingKit.framework */ = {isa = PBXFileReference; lastKnownFileType = wrapper.framework; name = SenTestingKit.framework; path = Library/Frameworks/SenTestingKit.framework; sourceTree = DEVELOPER_DIR; };
		4F3E15CC1114F04200007CFC /* TestTFUlxImage.h */ = {isa = PBXFileReference; fileEncoding = 4; lastKnownFileType = sourcecode.c.h; path = TestTFUlxImage.h; sourceTree = "<group>"; };
		4F3E15CD1114F04200007CFC /* TestTFUlxImage.m */ = {isa = PBXFileReference; fileEncoding = 4; lastKnownFileType = sourcecode.c.objc; path = TestTFUlxImage.m; sourceTree = "<group>"; };
		4F8FD6241115864C00024CED /* sh-v1.0de.ulx */ = {isa = PBXFileReference; lastKnownFileType = file; name = "sh-v1.0de.ulx"; path = "../../../winforms/Shadow/ShadowClient/ShadowClient/GameFiles/sh-v1.0de.ulx"; sourceTree = SOURCE_ROOT; };
		4F9503151116414F003A8841 /* sh-v1.2e.ulx */ = {isa = PBXFileReference; lastKnownFileType = file; name = "sh-v1.2e.ulx"; path = "../../../winforms/Shadow/ShadowClient/ShadowRelease/sh-v1.2e.ulx"; sourceTree = SOURCE_ROOT; };
		4FCCC0FE111548E30001000B /* sh-v1.0e.ulx */ = {isa = PBXFileReference; lastKnownFileType = file; name = "sh-v1.0e.ulx"; path = "../../../winforms/Shadow/ShadowClient/ShadowClient/GameFiles/sh-v1.0e.ulx"; sourceTree = SOURCE_ROOT; };
		8D1107310486CEB800E47090 /* fyrep_cocoa-Info.plist */ = {isa = PBXFileReference; fileEncoding = 4; lastKnownFileType = text.plist.xml; path = "fyrep_cocoa-Info.plist"; sourceTree = "<group>"; };
		8D1107320486CEB800E47090 /* fyrep-cocoa.app */ = {isa = PBXFileReference; explicitFileType = wrapper.application; includeInIndex = 0; path = "fyrep-cocoa.app"; sourceTree = BUILT_PRODUCTS_DIR; };
/* End PBXFileReference section */

/* Begin PBXFrameworksBuildPhase section */
		4F3E15791114EE6A00007CFC /* Frameworks */ = {
			isa = PBXFrameworksBuildPhase;
			buildActionMask = 2147483647;
			files = (
				4F3E15A21114EE9800007CFC /* Cocoa.framework in Frameworks */,
				4F3E15BB1114EEF500007CFC /* SenTestingKit.framework in Frameworks */,
			);
			runOnlyForDeploymentPostprocessing = 0;
		};
		8D11072E0486CEB800E47090 /* Frameworks */ = {
			isa = PBXFrameworksBuildPhase;
			buildActionMask = 2147483647;
			files = (
				8D11072F0486CEB800E47090 /* Cocoa.framework in Frameworks */,
				4F3E15A41114EEE000007CFC /* SenTestingKit.framework in Frameworks */,
			);
			runOnlyForDeploymentPostprocessing = 0;
		};
/* End PBXFrameworksBuildPhase section */

/* Begin PBXGroup section */
		080E96DDFE201D6D7F000001 /* Classes */ = {
			isa = PBXGroup;
			children = (
				256AC3D80F4B6AC300CF3369 /* fyrep_cocoaAppDelegate.h */,
				256AC3D90F4B6AC300CF3369 /* fyrep_cocoaAppDelegate.m */,
			);
			name = Classes;
			sourceTree = "<group>";
		};
		1058C7A0FEA54F0111CA2CBB /* Linked Frameworks */ = {
			isa = PBXGroup;
			children = (
				1058C7A1FEA54F0111CA2CBB /* Cocoa.framework */,
				4F3E15A31114EEE000007CFC /* SenTestingKit.framework */,
			);
			name = "Linked Frameworks";
			sourceTree = "<group>";
		};
		1058C7A2FEA54F0111CA2CBB /* Other Frameworks */ = {
			isa = PBXGroup;
			children = (
				29B97324FDCFA39411CA2CEA /* AppKit.framework */,
				29B97325FDCFA39411CA2CEA /* Foundation.framework */,
			);
			name = "Other Frameworks";
			sourceTree = "<group>";
		};
		19C28FACFE9D520D11CA2CBB /* Products */ = {
			isa = PBXGroup;
			children = (
				8D1107320486CEB800E47090 /* fyrep-cocoa.app */,
				4F3E157C1114EE6A00007CFC /* UnitTests.octest */,
			);
			name = Products;
			sourceTree = "<group>";
		};
		29B97314FDCFA39411CA2CEA /* fyrep-cocoa */ = {
			isa = PBXGroup;
			children = (
				4F3E14AD1114C80100007CFC /* fyrevm-foundation */,
				080E96DDFE201D6D7F000001 /* Classes */,
				29B97315FDCFA39411CA2CEA /* Other Sources */,
				4F3E15C41114EF6000007CFC /* UnitTests */,
				29B97317FDCFA39411CA2CEA /* Resources */,
				29B97323FDCFA39411CA2CEA /* Frameworks */,
				19C28FACFE9D520D11CA2CBB /* Products */,
			);
			name = "fyrep-cocoa";
			sourceTree = "<group>";
		};
		29B97315FDCFA39411CA2CEA /* Other Sources */ = {
			isa = PBXGroup;
			children = (
				256AC3F00F4B6AF500CF3369 /* fyrep_cocoa_Prefix.pch */,
				29B97316FDCFA39411CA2CEA /* main.m */,
			);
			name = "Other Sources";
			sourceTree = "<group>";
		};
		29B97317FDCFA39411CA2CEA /* Resources */ = {
			isa = PBXGroup;
			children = (
				4F9503151116414F003A8841 /* sh-v1.2e.ulx */,
				4F8FD6241115864C00024CED /* sh-v1.0de.ulx */,
				4FCCC0FE111548E30001000B /* sh-v1.0e.ulx */,
				8D1107310486CEB800E47090 /* fyrep_cocoa-Info.plist */,
				089C165CFE840E0CC02AAC07 /* InfoPlist.strings */,
				1DDD58140DA1D0A300B32029 /* MainMenu.xib */,
			);
			name = Resources;
			sourceTree = "<group>";
		};
		29B97323FDCFA39411CA2CEA /* Frameworks */ = {
			isa = PBXGroup;
			children = (
				1058C7A0FEA54F0111CA2CBB /* Linked Frameworks */,
				1058C7A2FEA54F0111CA2CBB /* Other Frameworks */,
			);
			name = Frameworks;
			sourceTree = "<group>";
		};
		4F3E14AD1114C80100007CFC /* fyrevm-foundation */ = {
			isa = PBXGroup;
			children = (
				4F3E14B11114C8C000007CFC /* TFUlxImage.h */,
				4F3E14B21114C8C000007CFC /* TFUlxImage.m */,
				4F3E153D1114E9B500007CFC /* GlulxConstants.h */,
				4F3E153E1114E9B500007CFC /* GlulxConstants.m */,
			);
			name = "fyrevm-foundation";
			path = "../../shared/fyrevm-foundation";
			sourceTree = "<group>";
		};
		4F3E15C41114EF6000007CFC /* UnitTests */ = {
			isa = PBXGroup;
			children = (
				4F3E157D1114EE6A00007CFC /* UnitTests-Info.plist */,
				4F3E15CC1114F04200007CFC /* TestTFUlxImage.h */,
				4F3E15CD1114F04200007CFC /* TestTFUlxImage.m */,
			);
			path = UnitTests;
			sourceTree = "<group>";
		};
/* End PBXGroup section */

/* Begin PBXNativeTarget section */
		4F3E157B1114EE6A00007CFC /* UnitTests */ = {
			isa = PBXNativeTarget;
			buildConfigurationList = 4F3E15801114EE6A00007CFC /* Build configuration list for PBXNativeTarget "UnitTests" */;
			buildPhases = (
				4F3E15771114EE6A00007CFC /* Resources */,
				4F3E15781114EE6A00007CFC /* Sources */,
				4F3E15791114EE6A00007CFC /* Frameworks */,
				4F3E157A1114EE6A00007CFC /* ShellScript */,
			);
			buildRules = (
			);
			dependencies = (
				4FCCC12E11154AEA0001000B /* PBXTargetDependency */,
			);
			name = UnitTests;
			productName = UnitTests;
			productReference = 4F3E157C1114EE6A00007CFC /* UnitTests.octest */;
			productType = "com.apple.product-type.bundle";
		};
		8D1107260486CEB800E47090 /* fyrep-cocoa */ = {
			isa = PBXNativeTarget;
			buildConfigurationList = C01FCF4A08A954540054247B /* Build configuration list for PBXNativeTarget "fyrep-cocoa" */;
			buildPhases = (
				8D1107290486CEB800E47090 /* Resources */,
				8D11072C0486CEB800E47090 /* Sources */,
				8D11072E0486CEB800E47090 /* Frameworks */,
			);
			buildRules = (
			);
			dependencies = (
			);
			name = "fyrep-cocoa";
			productInstallPath = "$(HOME)/Applications";
			productName = "fyrep-cocoa";
			productReference = 8D1107320486CEB800E47090 /* fyrep-cocoa.app */;
			productType = "com.apple.product-type.application";
		};
/* End PBXNativeTarget section */

/* Begin PBXProject section */
		29B97313FDCFA39411CA2CEA /* Project object */ = {
			isa = PBXProject;
			buildConfigurationList = C01FCF4E08A954540054247B /* Build configuration list for PBXProject "fyrep-cocoa" */;
			compatibilityVersion = "Xcode 3.2";
			hasScannedForEncodings = 1;
			mainGroup = 29B97314FDCFA39411CA2CEA /* fyrep-cocoa */;
			projectDirPath = "";
			projectRoots = (
				"",
				../../shared,
			);
			targets = (
				8D1107260486CEB800E47090 /* fyrep-cocoa */,
				4F3E157B1114EE6A00007CFC /* UnitTests */,
			);
		};
/* End PBXProject section */

/* Begin PBXResourcesBuildPhase section */
		4F3E15771114EE6A00007CFC /* Resources */ = {
			isa = PBXResourcesBuildPhase;
			buildActionMask = 2147483647;
			files = (
				4F95031C1116419C003A8841 /* sh-v1.0de.ulx in Resources */,
				4FCCC100111549050001000B /* sh-v1.0e.ulx in Resources */,
				4F9503161116414F003A8841 /* sh-v1.2e.ulx in Resources */,
			);
			runOnlyForDeploymentPostprocessing = 0;
		};
		8D1107290486CEB800E47090 /* Resources */ = {
			isa = PBXResourcesBuildPhase;
			buildActionMask = 2147483647;
			files = (
				8D11072B0486CEB800E47090 /* InfoPlist.strings in Resources */,
				1DDD58160DA1D0A300B32029 /* MainMenu.xib in Resources */,
			);
			runOnlyForDeploymentPostprocessing = 0;
		};
/* End PBXResourcesBuildPhase section */

/* Begin PBXShellScriptBuildPhase section */
		4F3E157A1114EE6A00007CFC /* ShellScript */ = {
			isa = PBXShellScriptBuildPhase;
			buildActionMask = 2147483647;
			files = (
			);
			inputPaths = (
			);
			outputPaths = (
			);
			runOnlyForDeploymentPostprocessing = 0;
			shellPath = /bin/sh;
			shellScript = "# Run the unit tests in this test bundle.\n\"${SYSTEM_DEVELOPER_DIR}/Tools/RunUnitTests\"\n";
			showEnvVarsInLog = 0;
		};
/* End PBXShellScriptBuildPhase section */

/* Begin PBXSourcesBuildPhase section */
		4F3E15781114EE6A00007CFC /* Sources */ = {
			isa = PBXSourcesBuildPhase;
			buildActionMask = 2147483647;
			files = (
				4F3E15CE1114F04200007CFC /* TestTFUlxImage.m in Sources */,
			);
			runOnlyForDeploymentPostprocessing = 0;
		};
		8D11072C0486CEB800E47090 /* Sources */ = {
			isa = PBXSourcesBuildPhase;
			buildActionMask = 2147483647;
			files = (
				8D11072D0486CEB800E47090 /* main.m in Sources */,
				256AC3DA0F4B6AC300CF3369 /* fyrep_cocoaAppDelegate.m in Sources */,
				4F3E14B31114C8C000007CFC /* TFUlxImage.m in Sources */,
				4F3E153F1114E9B500007CFC /* GlulxConstants.m in Sources */,
			);
			runOnlyForDeploymentPostprocessing = 0;
		};
/* End PBXSourcesBuildPhase section */

/* Begin PBXTargetDependency section */
		4FCCC12E11154AEA0001000B /* PBXTargetDependency */ = {
			isa = PBXTargetDependency;
			target = 8D1107260486CEB800E47090 /* fyrep-cocoa */;
			targetProxy = 4FCCC12D11154AEA0001000B /* PBXContainerItemProxy */;
		};
/* End PBXTargetDependency section */

/* Begin PBXVariantGroup section */
		089C165CFE840E0CC02AAC07 /* InfoPlist.strings */ = {
			isa = PBXVariantGroup;
			children = (
				089C165DFE840E0CC02AAC07 /* English */,
			);
			name = InfoPlist.strings;
			sourceTree = "<group>";
		};
		1DDD58140DA1D0A300B32029 /* MainMenu.xib */ = {
			isa = PBXVariantGroup;
			children = (
				1DDD58150DA1D0A300B32029 /* English */,
			);
			name = MainMenu.xib;
			sourceTree = "<group>";
		};
/* End PBXVariantGroup section */

/* Begin XCBuildConfiguration section */
		4F3E157E1114EE6A00007CFC /* Debug */ = {
			isa = XCBuildConfiguration;
			buildSettings = {
				ALWAYS_SEARCH_USER_PATHS = NO;
				BUNDLE_LOADER = "$(BUILT_PRODUCTS_DIR)/fyrep-cocoa.app/Contents/MacOS/fyrep-cocoa";
				COPY_PHASE_STRIP = NO;
				FRAMEWORK_SEARCH_PATHS = "$(DEVELOPER_LIBRARY_DIR)/Frameworks";
				GCC_DYNAMIC_NO_PIC = NO;
				GCC_ENABLE_FIX_AND_CONTINUE = NO;
				GCC_ENABLE_OBJC_EXCEPTIONS = YES;
				GCC_MODEL_TUNING = G5;
				GCC_OPTIMIZATION_LEVEL = 0;
				INFOPLIST_FILE = "UnitTests/UnitTests-Info.plist";
				INSTALL_PATH = "$(USER_LIBRARY_DIR)/Bundles";
				PREBINDING = NO;
				PRODUCT_NAME = UnitTests;
				TEST_HOST = "$(BUNDLE_LOADER)";
				WRAPPER_EXTENSION = octest;
			};
			name = Debug;
		};
		4F3E157F1114EE6A00007CFC /* Release */ = {
			isa = XCBuildConfiguration;
			buildSettings = {
				ALWAYS_SEARCH_USER_PATHS = NO;
				BUNDLE_LOADER = "$(BUILT_PRODUCTS_DIR)/fyrep-cocoa.app/Contents/MacOS/fyrep-cocoa";
				COPY_PHASE_STRIP = YES;
				DEBUG_INFORMATION_FORMAT = "dwarf-with-dsym";
				FRAMEWORK_SEARCH_PATHS = "$(DEVELOPER_LIBRARY_DIR)/Frameworks";
				GCC_ENABLE_FIX_AND_CONTINUE = NO;
				GCC_ENABLE_OBJC_EXCEPTIONS = YES;
				GCC_MODEL_TUNING = G5;
				INFOPLIST_FILE = "UnitTests/UnitTests-Info.plist";
				INSTALL_PATH = "$(USER_LIBRARY_DIR)/Bundles";
				PREBINDING = NO;
				PRODUCT_NAME = UnitTests;
				TEST_HOST = "$(BUNDLE_LOADER)";
				WRAPPER_EXTENSION = octest;
				ZERO_LINK = NO;
			};
			name = Release;
		};
		C01FCF4B08A954540054247B /* Debug */ = {
			isa = XCBuildConfiguration;
			buildSettings = {
				ALWAYS_SEARCH_USER_PATHS = NO;
				COPY_PHASE_STRIP = NO;
				FRAMEWORK_SEARCH_PATHS = (
					"$(inherited)",
					"\"$(DEVELOPER_FRAMEWORKS_DIR)\"",
				);
				GCC_DYNAMIC_NO_PIC = NO;
				GCC_ENABLE_FIX_AND_CONTINUE = YES;
				GCC_MODEL_TUNING = G5;
				GCC_OPTIMIZATION_LEVEL = 0;
				GCC_PRECOMPILE_PREFIX_HEADER = YES;
				GCC_PREFIX_HEADER = fyrep_cocoa_Prefix.pch;
				INFOPLIST_FILE = "fyrep_cocoa-Info.plist";
				INSTALL_PATH = "$(HOME)/Applications";
				PRODUCT_NAME = "fyrep-cocoa";
			};
			name = Debug;
		};
		C01FCF4C08A954540054247B /* Release */ = {
			isa = XCBuildConfiguration;
			buildSettings = {
				ALWAYS_SEARCH_USER_PATHS = NO;
				DEBUG_INFORMATION_FORMAT = "dwarf-with-dsym";
				FRAMEWORK_SEARCH_PATHS = (
					"$(inherited)",
					"\"$(DEVELOPER_FRAMEWORKS_DIR)\"",
				);
				GCC_MODEL_TUNING = G5;
				GCC_PRECOMPILE_PREFIX_HEADER = YES;
				GCC_PREFIX_HEADER = fyrep_cocoa_Prefix.pch;
				INFOPLIST_FILE = "fyrep_cocoa-Info.plist";
				INSTALL_PATH = "$(HOME)/Applications";
				PRODUCT_NAME = "fyrep-cocoa";
			};
			name = Release;
		};
		C01FCF4F08A954540054247B /* Debug */ = {
			isa = XCBuildConfiguration;
			buildSettings = {
				ARCHS = "$(ARCHS_STANDARD_32_64_BIT)";
				GCC_C_LANGUAGE_STANDARD = gnu99;
				GCC_OPTIMIZATION_LEVEL = 0;
				GCC_WARN_ABOUT_RETURN_TYPE = YES;
				GCC_WARN_UNUSED_VARIABLE = YES;
				ONLY_ACTIVE_ARCH = YES;
				PREBINDING = NO;
				SDKROOT = macosx10.5;
			};
			name = Debug;
		};
		C01FCF5008A954540054247B /* Release */ = {
			isa = XCBuildConfiguration;
			buildSettings = {
				ARCHS = "$(ARCHS_STANDARD_32_64_BIT)";
				GCC_C_LANGUAGE_STANDARD = gnu99;
				GCC_WARN_ABOUT_RETURN_TYPE = YES;
				GCC_WARN_UNUSED_VARIABLE = YES;
				PREBINDING = NO;
				SDKROOT = macosx10.5;
			};
			name = Release;
		};
/* End XCBuildConfiguration section */

/* Begin XCConfigurationList section */
		4F3E15801114EE6A00007CFC /* Build configuration list for PBXNativeTarget "UnitTests" */ = {
			isa = XCConfigurationList;
			buildConfigurations = (
				4F3E157E1114EE6A00007CFC /* Debug */,
				4F3E157F1114EE6A00007CFC /* Release */,
			);
			defaultConfigurationIsVisible = 0;
			defaultConfigurationName = Release;
		};
		C01FCF4A08A954540054247B /* Build configuration list for PBXNativeTarget "fyrep-cocoa" */ = {
			isa = XCConfigurationList;
			buildConfigurations = (
				C01FCF4B08A954540054247B /* Debug */,
				C01FCF4C08A954540054247B /* Release */,
			);
			defaultConfigurationIsVisible = 0;
			defaultConfigurationName = Release;
		};
		C01FCF4E08A954540054247B /* Build configuration list for PBXProject "fyrep-cocoa" */ = {
			isa = XCConfigurationList;
			buildConfigurations = (
				C01FCF4F08A954540054247B /* Debug */,
				C01FCF5008A954540054247B /* Release */,
			);
			defaultConfigurationIsVisible = 0;
			defaultConfigurationName = Release;
		};
/* End XCConfigurationList section */
	};
	rootObject = 29B97313FDCFA39411CA2CEA /* Project object */;
}
