
Microsoft Visual Studio Solution File, Format Version 10.00
# Visual Studio 2008
Project("{FAE04EC0-301F-11D3-BF4B-00C04F79EFBC}") = "Textfyre.Common.Codegen.Windows", "Textfyre.Common.Codegen.Windows\Textfyre.Common.Codegen.Windows.csproj", "{2E19EDD5-981F-44E6-81FF-C8AE1AC861CF}"
EndProject
Project("{FAE04EC0-301F-11D3-BF4B-00C04F79EFBC}") = "Textfyre.Common.Codegen.Framework", "Textfyre.Common.Codegen.Framework\Textfyre.Common.Codegen.Framework.csproj", "{83B3FEC4-5D90-416C-A476-A80B5AD9A3D4}"
EndProject
Project("{FAE04EC0-301F-11D3-BF4B-00C04F79EFBC}") = "Textfyre.Common.Codegen.Console", "Textfyre.Common.Codegen.Console\Textfyre.Common.Codegen.Console.csproj", "{9F5E5739-4155-491A-920A-CFF4BF1C5B2F}"
EndProject
Project("{FAE04EC0-301F-11D3-BF4B-00C04F79EFBC}") = "Textfyre.Common.DataLayer", "..\Textfyre.Common.DataLayer\Textfyre.Common.DataLayer.csproj", "{7382DF78-E434-48C7-B87E-D31CC526F9C2}"
EndProject
Project("{FAE04EC0-301F-11D3-BF4B-00C04F79EFBC}") = "Textfyre.Common.Utilities", "..\Textfyre.Common.Utilities\Textfyre.Common.Utilities.csproj", "{68061321-A3F0-481C-A827-65D29B1B5DA3}"
EndProject
Global
	GlobalSection(SolutionConfigurationPlatforms) = preSolution
		Debug|Any CPU = Debug|Any CPU
		Release|Any CPU = Release|Any CPU
	EndGlobalSection
	GlobalSection(ProjectConfigurationPlatforms) = postSolution
		{2E19EDD5-981F-44E6-81FF-C8AE1AC861CF}.Debug|Any CPU.ActiveCfg = Debug|Any CPU
		{2E19EDD5-981F-44E6-81FF-C8AE1AC861CF}.Debug|Any CPU.Build.0 = Debug|Any CPU
		{2E19EDD5-981F-44E6-81FF-C8AE1AC861CF}.Release|Any CPU.ActiveCfg = Release|Any CPU
		{2E19EDD5-981F-44E6-81FF-C8AE1AC861CF}.Release|Any CPU.Build.0 = Release|Any CPU
		{83B3FEC4-5D90-416C-A476-A80B5AD9A3D4}.Debug|Any CPU.ActiveCfg = Debug|Any CPU
		{83B3FEC4-5D90-416C-A476-A80B5AD9A3D4}.Debug|Any CPU.Build.0 = Debug|Any CPU
		{83B3FEC4-5D90-416C-A476-A80B5AD9A3D4}.Release|Any CPU.ActiveCfg = Release|Any CPU
		{83B3FEC4-5D90-416C-A476-A80B5AD9A3D4}.Release|Any CPU.Build.0 = Release|Any CPU
		{9F5E5739-4155-491A-920A-CFF4BF1C5B2F}.Debug|Any CPU.ActiveCfg = Debug|Any CPU
		{9F5E5739-4155-491A-920A-CFF4BF1C5B2F}.Debug|Any CPU.Build.0 = Debug|Any CPU
		{9F5E5739-4155-491A-920A-CFF4BF1C5B2F}.Release|Any CPU.ActiveCfg = Release|Any CPU
		{9F5E5739-4155-491A-920A-CFF4BF1C5B2F}.Release|Any CPU.Build.0 = Release|Any CPU
		{7382DF78-E434-48C7-B87E-D31CC526F9C2}.Debug|Any CPU.ActiveCfg = Debug|Any CPU
		{7382DF78-E434-48C7-B87E-D31CC526F9C2}.Debug|Any CPU.Build.0 = Debug|Any CPU
		{7382DF78-E434-48C7-B87E-D31CC526F9C2}.Release|Any CPU.ActiveCfg = Release|Any CPU
		{7382DF78-E434-48C7-B87E-D31CC526F9C2}.Release|Any CPU.Build.0 = Release|Any CPU
		{68061321-A3F0-481C-A827-65D29B1B5DA3}.Debug|Any CPU.ActiveCfg = Debug|Any CPU
		{68061321-A3F0-481C-A827-65D29B1B5DA3}.Debug|Any CPU.Build.0 = Debug|Any CPU
		{68061321-A3F0-481C-A827-65D29B1B5DA3}.Release|Any CPU.ActiveCfg = Release|Any CPU
		{68061321-A3F0-481C-A827-65D29B1B5DA3}.Release|Any CPU.Build.0 = Release|Any CPU
	EndGlobalSection
	GlobalSection(SolutionProperties) = preSolution
		HideSolutionNode = FALSE
	EndGlobalSection
EndGlobal
