// !$*UTF8*$!
{
	archiveVersion = 1;
	classes = {
	};
	objectVersion = 46;
	objects = {

/* Begin PBXBuildFile section */
		1DDD58160DA1D0A300B32029 /* TextfyreApp-Mac MainMenu.xib in Resources */ = {isa = PBXBuildFile; fileRef = 1DDD58140DA1D0A300B32029 /* TextfyreApp-Mac MainMenu.xib */; };
		256AC3DA0F4B6AC300CF3369 /* TextfyreApp-MacAppDelegate.m in Sources */ = {isa = PBXBuildFile; fileRef = 256AC3D90F4B6AC300CF3369 /* TextfyreApp-MacAppDelegate.m */; };
		4F02BA74111BE8F70054F477 /* TFEngine.m in Sources */ = {isa = PBXBuildFile; fileRef = 4F02BA73111BE8F70054F477 /* TFEngine.m */; };
		4F04E7EF113F8D76002D029A /* TFArguments.m in Sources */ = {isa = PBXBuildFile; fileRef = 4F04E7EE113F8D76002D029A /* TFArguments.m */; };
		4F04E7F0113F8D76002D029A /* TFArguments.m in Sources */ = {isa = PBXBuildFile; fileRef = 4F04E7EE113F8D76002D029A /* TFArguments.m */; };
		4F1032BA11447199009006DE /* TFInterpreter.m in Sources */ = {isa = PBXBuildFile; fileRef = 4F1032B911447199009006DE /* TFInterpreter.m */; };
		4F1032BB11447199009006DE /* TFInterpreter.m in Sources */ = {isa = PBXBuildFile; fileRef = 4F1032B911447199009006DE /* TFInterpreter.m */; };
		4F1E0D151142ED42004BB393 /* TFEngine_Output.m in Sources */ = {isa = PBXBuildFile; fileRef = 4F1E0D141142ED42004BB393 /* TFEngine_Output.m */; };
		4F1E0D161142ED42004BB393 /* TFEngine_Output.m in Sources */ = {isa = PBXBuildFile; fileRef = 4F1E0D141142ED42004BB393 /* TFEngine_Output.m */; };
		4F1E0E99114344F6004BB393 /* TFHeapAllocator.m in Sources */ = {isa = PBXBuildFile; fileRef = 4F1E0E98114344F6004BB393 /* TFHeapAllocator.m */; };
		4F1E0E9A114344F6004BB393 /* TFHeapAllocator.m in Sources */ = {isa = PBXBuildFile; fileRef = 4F1E0E98114344F6004BB393 /* TFHeapAllocator.m */; };
		4F1E109711438255004BB393 /* TestTFArguments.m in Sources */ = {isa = PBXBuildFile; fileRef = 4F1E109611438255004BB393 /* TestTFArguments.m */; };
		4F1E109B1143825E004BB393 /* TestTFHeapAllocator.m in Sources */ = {isa = PBXBuildFile; fileRef = 4F1E109A1143825E004BB393 /* TestTFHeapAllocator.m */; };
		4F1E10AC11438300004BB393 /* TestTFHeapAllocator.m in Sources */ = {isa = PBXBuildFile; fileRef = 4F1E109A1143825E004BB393 /* TestTFHeapAllocator.m */; };
		4F1E10AD11438301004BB393 /* TestTFEngine.m in Sources */ = {isa = PBXBuildFile; fileRef = 4F50FCB4113113B1006D0738 /* TestTFEngine.m */; };
		4F1E10AE11438303004BB393 /* TestTFArguments.m in Sources */ = {isa = PBXBuildFile; fileRef = 4F1E109611438255004BB393 /* TestTFArguments.m */; };
		4F3E14B31114C8C000007CFC /* TFUlxImage.m in Sources */ = {isa = PBXBuildFile; fileRef = 4F3E14B21114C8C000007CFC /* TFUlxImage.m */; };
		4F3E15A21114EE9800007CFC /* Cocoa.framework in Frameworks */ = {isa = PBXBuildFile; fileRef = 1058C7A1FEA54F0111CA2CBB /* Cocoa.framework */; };
		4F3E15BB1114EEF500007CFC /* SenTestingKit.framework in Frameworks */ = {isa = PBXBuildFile; fileRef = 4F3E15A31114EEE000007CFC /* SenTestingKit.framework */; };
		4F3E15CE1114F04200007CFC /* TestTFUlxImage.m in Sources */ = {isa = PBXBuildFile; fileRef = 4F3E15CD1114F04200007CFC /* TestTFUlxImage.m */; };
		4F4D7EDD114C2B7900EA5308 /* TFOutputBuffer.m in Sources */ = {isa = PBXBuildFile; fileRef = 4F4D7EDC114C2B7900EA5308 /* TFOutputBuffer.m */; };
		4F4D7EDE114C2B7900EA5308 /* TFOutputBuffer.m in Sources */ = {isa = PBXBuildFile; fileRef = 4F4D7EDC114C2B7900EA5308 /* TFOutputBuffer.m */; };
		4F4D7F3B114C45E700EA5308 /* TFStrNode.m in Sources */ = {isa = PBXBuildFile; fileRef = 4F4D7F3A114C45E700EA5308 /* TFStrNode.m */; };
		4F4D7F3C114C45E700EA5308 /* TFStrNode.m in Sources */ = {isa = PBXBuildFile; fileRef = 4F4D7F3A114C45E700EA5308 /* TFStrNode.m */; };
		4F50FADA1130ADF8006D0738 /* Opcodes.plist in Resources */ = {isa = PBXBuildFile; fileRef = 4F50FAD91130ADF8006D0738 /* Opcodes.plist */; };
		4F50FB1E1130DEBD006D0738 /* TFOpcode.m in Sources */ = {isa = PBXBuildFile; fileRef = 4F50FB1D1130DEBD006D0738 /* TFOpcode.m */; };
		4F50FB1F1130DEBD006D0738 /* TFOpcode.m in Sources */ = {isa = PBXBuildFile; fileRef = 4F50FB1D1130DEBD006D0738 /* TFOpcode.m */; };
		4F50FB8E113103D3006D0738 /* TestTFOpcode.m in Sources */ = {isa = PBXBuildFile; fileRef = 4F50FB8D113103D3006D0738 /* TestTFOpcode.m */; };
		4F50FB8F113103E4006D0738 /* TestTFOpcode.m in Sources */ = {isa = PBXBuildFile; fileRef = 4F50FB8D113103D3006D0738 /* TestTFOpcode.m */; };
		4F50FBE911310779006D0738 /* Opcodes.plist in Resources */ = {isa = PBXBuildFile; fileRef = 4F50FAD91130ADF8006D0738 /* Opcodes.plist */; };
		4F50FCB5113113B1006D0738 /* TestTFEngine.m in Sources */ = {isa = PBXBuildFile; fileRef = 4F50FCB4113113B1006D0738 /* TestTFEngine.m */; };
		4F6B64CD111E2A9700BABD7F /* SenTestingKit.framework in Frameworks */ = {isa = PBXBuildFile; fileRef = 4F3E15A31114EEE000007CFC /* SenTestingKit.framework */; };
		4F6B64CE111E2AA000BABD7F /* Cocoa.framework in Frameworks */ = {isa = PBXBuildFile; fileRef = 1058C7A1FEA54F0111CA2CBB /* Cocoa.framework */; };
		4F6B64D1111E2AAC00BABD7F /* TestTFUlxImage.m in Sources */ = {isa = PBXBuildFile; fileRef = 4F3E15CD1114F04200007CFC /* TestTFUlxImage.m */; };
		4F6B64D4111E2AC300BABD7F /* TFUlxImage.m in Sources */ = {isa = PBXBuildFile; fileRef = 4F3E14B21114C8C000007CFC /* TFUlxImage.m */; };
		4F6B64D6111E2AC300BABD7F /* TFEngine.m in Sources */ = {isa = PBXBuildFile; fileRef = 4F02BA73111BE8F70054F477 /* TFEngine.m */; };
		4F6B64D7111E2AE100BABD7F /* sh-v1.0de.ulx in Resources */ = {isa = PBXBuildFile; fileRef = 4F8FD6241115864C00024CED /* sh-v1.0de.ulx */; };
		4F6B64D8111E2AE100BABD7F /* sh-v1.0e.ulx in Resources */ = {isa = PBXBuildFile; fileRef = 4FCCC0FE111548E30001000B /* sh-v1.0e.ulx */; };
		4F90A0A51198D2A600307D72 /* TFQuetzal.m in Sources */ = {isa = PBXBuildFile; fileRef = 4F90A0A41198D2A600307D72 /* TFQuetzal.m */; };
		4F90A0A61198D2A600307D72 /* TFQuetzal.m in Sources */ = {isa = PBXBuildFile; fileRef = 4F90A0A41198D2A600307D72 /* TFQuetzal.m */; };
		4F95031C1116419C003A8841 /* sh-v1.0de.ulx in Resources */ = {isa = PBXBuildFile; fileRef = 4F8FD6241115864C00024CED /* sh-v1.0de.ulx */; };
		4FB0672F119C7673003BABCA /* TestTFQuetzal.m in Sources */ = {isa = PBXBuildFile; fileRef = 4FB0672E119C7673003BABCA /* TestTFQuetzal.m */; };
		4FB06734119C7693003BABCA /* TestTFQuetzal.m in Sources */ = {isa = PBXBuildFile; fileRef = 4FB0672E119C7673003BABCA /* TestTFQuetzal.m */; };
		4FB06911119CC83C003BABCA /* sh-v1.2e.ulx in Resources */ = {isa = PBXBuildFile; fileRef = 4F9503151116414F003A8841 /* sh-v1.2e.ulx */; };
		4FB06913119CC85A003BABCA /* sh-v1.2e.ulx in Resources */ = {isa = PBXBuildFile; fileRef = 4F9503151116414F003A8841 /* sh-v1.2e.ulx */; };
		4FB17B8A1139D471009491D3 /* TFVeneer.m in Sources */ = {isa = PBXBuildFile; fileRef = 4FB17B891139D471009491D3 /* TFVeneer.m */; };
		4FB17B8B1139D471009491D3 /* TFVeneer.m in Sources */ = {isa = PBXBuildFile; fileRef = 4FB17B891139D471009491D3 /* TFVeneer.m */; };
		4FCCC100111549050001000B /* sh-v1.0e.ulx in Resources */ = {isa = PBXBuildFile; fileRef = 4FCCC0FE111548E30001000B /* sh-v1.0e.ulx */; };
		4FF344531195FBD900A61F76 /* TFOutputFilterTags.m in Sources */ = {isa = PBXBuildFile; fileRef = 4FF344521195FBD900A61F76 /* TFOutputFilterTags.m */; };
		4FF344541195FBD900A61F76 /* TFOutputFilterTags.m in Sources */ = {isa = PBXBuildFile; fileRef = 4FF344521195FBD900A61F76 /* TFOutputFilterTags.m */; };
		4FFE4C1B111F966A00467156 /* TFEngine_Opcodes.m in Sources */ = {isa = PBXBuildFile; fileRef = 4FFE4C1A111F966A00467156 /* TFEngine_Opcodes.m */; };
		4FFE4C1C111F966A00467156 /* TFEngine_Opcodes.m in Sources */ = {isa = PBXBuildFile; fileRef = 4FFE4C1A111F966A00467156 /* TFEngine_Opcodes.m */; };
		8D11072B0486CEB800E47090 /* InfoPlist.strings in Resources */ = {isa = PBXBuildFile; fileRef = 089C165CFE840E0CC02AAC07 /* InfoPlist.strings */; };
		8D11072D0486CEB800E47090 /* TextfyreApp-Mac main.m in Sources */ = {isa = PBXBuildFile; fileRef = 29B97316FDCFA39411CA2CEA /* TextfyreApp-Mac main.m */; settings = {ATTRIBUTES = (); }; };
		8D11072F0486CEB800E47090 /* Cocoa.framework in Frameworks */ = {isa = PBXBuildFile; fileRef = 1058C7A1FEA54F0111CA2CBB /* Cocoa.framework */; };
/* End PBXBuildFile section */

/* Begin PBXContainerItemProxy section */
		4FCCC12D11154AEA0001000B /* PBXContainerItemProxy */ = {
			isa = PBXContainerItemProxy;
			containerPortal = 29B97313FDCFA39411CA2CEA /* Project object */;
			proxyType = 1;
			remoteGlobalIDString = 8D1107260486CEB800E47090;
			remoteInfo = "fyrep-cocoa";
		};
/* End PBXContainerItemProxy section */

/* Begin PBXFileReference section */
		089C165DFE840E0CC02AAC07 /* English */ = {isa = PBXFileReference; fileEncoding = 4; lastKnownFileType = text.plist.strings; name = English; path = "English.lproj/TextfyreApp-Mac-InfoPlist.strings"; sourceTree = "<group>"; };
		1058C7A1FEA54F0111CA2CBB /* Cocoa.framework */ = {isa = PBXFileReference; lastKnownFileType = wrapper.framework; name = Cocoa.framework; path = /System/Library/Frameworks/Cocoa.framework; sourceTree = "<absolute>"; };
		1DDD58150DA1D0A300B32029 /* English */ = {isa = PBXFileReference; lastKnownFileType = file.xib; name = English; path = "English.lproj/TextfyreApp-Mac MainMenu.xib"; sourceTree = "<group>"; };
		256AC3D80F4B6AC300CF3369 /* TextfyreApp-MacAppDelegate.h */ = {isa = PBXFileReference; fileEncoding = 4; lastKnownFileType = sourcecode.c.h; path = "TextfyreApp-MacAppDelegate.h"; sourceTree = "<group>"; };
		256AC3D90F4B6AC300CF3369 /* TextfyreApp-MacAppDelegate.m */ = {isa = PBXFileReference; fileEncoding = 4; lastKnownFileType = sourcecode.c.objc; path = "TextfyreApp-MacAppDelegate.m"; sourceTree = "<group>"; };
		256AC3F00F4B6AF500CF3369 /* TextfyreApp-Mac_Prefix.pch */ = {isa = PBXFileReference; fileEncoding = 4; lastKnownFileType = sourcecode.c.h; path = "TextfyreApp-Mac_Prefix.pch"; sourceTree = "<group>"; };
		29B97316FDCFA39411CA2CEA /* TextfyreApp-Mac main.m */ = {isa = PBXFileReference; fileEncoding = 4; lastKnownFileType = sourcecode.c.objc; path = "TextfyreApp-Mac main.m"; sourceTree = "<group>"; };
		29B97324FDCFA39411CA2CEA /* AppKit.framework */ = {isa = PBXFileReference; lastKnownFileType = wrapper.framework; name = AppKit.framework; path = /System/Library/Frameworks/AppKit.framework; sourceTree = "<absolute>"; };
		29B97325FDCFA39411CA2CEA /* Foundation.framework */ = {isa = PBXFileReference; lastKnownFileType = wrapper.framework; name = Foundation.framework; path = /System/Library/Frameworks/Foundation.framework; sourceTree = "<absolute>"; };
		4F02BA72111BE8F70054F477 /* TFEngine.h */ = {isa = PBXFileReference; fileEncoding = 4; lastKnownFileType = sourcecode.c.h; path = TFEngine.h; sourceTree = "<group>"; };
		4F02BA73111BE8F70054F477 /* TFEngine.m */ = {isa = PBXFileReference; fileEncoding = 4; lastKnownFileType = sourcecode.c.objc; path = TFEngine.m; sourceTree = "<group>"; };
		4F04E79D113F8138002D029A /* TFArguments.h */ = {isa = PBXFileReference; fileEncoding = 4; lastKnownFileType = sourcecode.c.h; path = TFArguments.h; sourceTree = "<group>"; };
		4F04E7EE113F8D76002D029A /* TFArguments.m */ = {isa = PBXFileReference; fileEncoding = 4; lastKnownFileType = sourcecode.c.objc; path = TFArguments.m; sourceTree = "<group>"; };
		4F1032B811447199009006DE /* TFInterpreter.h */ = {isa = PBXFileReference; fileEncoding = 4; lastKnownFileType = sourcecode.c.h; path = TFInterpreter.h; sourceTree = "<group>"; };
		4F1032B911447199009006DE /* TFInterpreter.m */ = {isa = PBXFileReference; fileEncoding = 4; lastKnownFileType = sourcecode.c.objc; path = TFInterpreter.m; sourceTree = "<group>"; };
		4F1E0D131142ED42004BB393 /* TFEngine_Output.h */ = {isa = PBXFileReference; fileEncoding = 4; lastKnownFileType = sourcecode.c.h; path = TFEngine_Output.h; sourceTree = "<group>"; };
		4F1E0D141142ED42004BB393 /* TFEngine_Output.m */ = {isa = PBXFileReference; fileEncoding = 4; lastKnownFileType = sourcecode.c.objc; path = TFEngine_Output.m; sourceTree = "<group>"; };
		4F1E0E97114344F6004BB393 /* TFHeapAllocator.h */ = {isa = PBXFileReference; fileEncoding = 4; lastKnownFileType = sourcecode.c.h; path = TFHeapAllocator.h; sourceTree = "<group>"; };
		4F1E0E98114344F6004BB393 /* TFHeapAllocator.m */ = {isa = PBXFileReference; fileEncoding = 4; lastKnownFileType = sourcecode.c.objc; path = TFHeapAllocator.m; sourceTree = "<group>"; };
		4F1E109511438255004BB393 /* TestTFArguments.h */ = {isa = PBXFileReference; fileEncoding = 4; lastKnownFileType = sourcecode.c.h; path = TestTFArguments.h; sourceTree = "<group>"; };
		4F1E109611438255004BB393 /* TestTFArguments.m */ = {isa = PBXFileReference; fileEncoding = 4; lastKnownFileType = sourcecode.c.objc; path = TestTFArguments.m; sourceTree = "<group>"; };
		4F1E10991143825E004BB393 /* TestTFHeapAllocator.h */ = {isa = PBXFileReference; fileEncoding = 4; lastKnownFileType = sourcecode.c.h; path = TestTFHeapAllocator.h; sourceTree = "<group>"; };
		4F1E109A1143825E004BB393 /* TestTFHeapAllocator.m */ = {isa = PBXFileReference; fileEncoding = 4; lastKnownFileType = sourcecode.c.objc; path = TestTFHeapAllocator.m; sourceTree = "<group>"; };
		4F3E14B11114C8C000007CFC /* TFUlxImage.h */ = {isa = PBXFileReference; fileEncoding = 4; lastKnownFileType = sourcecode.c.h; path = TFUlxImage.h; sourceTree = "<group>"; };
		4F3E14B21114C8C000007CFC /* TFUlxImage.m */ = {isa = PBXFileReference; fileEncoding = 4; lastKnownFileType = sourcecode.c.objc; path = TFUlxImage.m; sourceTree = "<group>"; };
		4F3E153D1114E9B500007CFC /* GlulxConstants.h */ = {isa = PBXFileReference; fileEncoding = 4; lastKnownFileType = sourcecode.c.h; path = GlulxConstants.h; sourceTree = "<group>"; };
		4F3E157C1114EE6A00007CFC /* UnitTests.octest */ = {isa = PBXFileReference; explicitFileType = wrapper.cfbundle; includeInIndex = 0; path = UnitTests.octest; sourceTree = BUILT_PRODUCTS_DIR; };
		4F3E157D1114EE6A00007CFC /* TextfyreApp-Mac-ApplicationTests-Info.plist */ = {isa = PBXFileReference; lastKnownFileType = text.plist.xml; path = "TextfyreApp-Mac-ApplicationTests-Info.plist"; sourceTree = "<group>"; };
		4F3E15A31114EEE000007CFC /* SenTestingKit.framework */ = {isa = PBXFileReference; lastKnownFileType = wrapper.framework; name = SenTestingKit.framework; path = Library/Frameworks/SenTestingKit.framework; sourceTree = DEVELOPER_DIR; };
		4F3E15CC1114F04200007CFC /* TestTFUlxImage.h */ = {isa = PBXFileReference; fileEncoding = 4; lastKnownFileType = sourcecode.c.h; path = TestTFUlxImage.h; sourceTree = "<group>"; };
		4F3E15CD1114F04200007CFC /* TestTFUlxImage.m */ = {isa = PBXFileReference; fileEncoding = 4; lastKnownFileType = sourcecode.c.objc; path = TestTFUlxImage.m; sourceTree = "<group>"; };
		4F4D7EDB114C2B7900EA5308 /* TFOutputBuffer.h */ = {isa = PBXFileReference; fileEncoding = 4; lastKnownFileType = sourcecode.c.h; path = TFOutputBuffer.h; sourceTree = "<group>"; };
		4F4D7EDC114C2B7900EA5308 /* TFOutputBuffer.m */ = {isa = PBXFileReference; fileEncoding = 4; lastKnownFileType = sourcecode.c.objc; path = TFOutputBuffer.m; sourceTree = "<group>"; };
		4F4D7F39114C45E700EA5308 /* TFStrNode.h */ = {isa = PBXFileReference; fileEncoding = 4; lastKnownFileType = sourcecode.c.h; path = TFStrNode.h; sourceTree = "<group>"; };
		4F4D7F3A114C45E700EA5308 /* TFStrNode.m */ = {isa = PBXFileReference; fileEncoding = 4; lastKnownFileType = sourcecode.c.objc; path = TFStrNode.m; sourceTree = "<group>"; };
		4F50FAD91130ADF8006D0738 /* Opcodes.plist */ = {isa = PBXFileReference; fileEncoding = 4; lastKnownFileType = text.plist.xml; path = Opcodes.plist; sourceTree = "<group>"; };
		4F50FB1C1130DEBD006D0738 /* TFOpcode.h */ = {isa = PBXFileReference; fileEncoding = 4; lastKnownFileType = sourcecode.c.h; path = TFOpcode.h; sourceTree = "<group>"; };
		4F50FB1D1130DEBD006D0738 /* TFOpcode.m */ = {isa = PBXFileReference; fileEncoding = 4; lastKnownFileType = sourcecode.c.objc; path = TFOpcode.m; sourceTree = "<group>"; };
		4F50FB201130DEDF006D0738 /* Opcodes README.rtf */ = {isa = PBXFileReference; lastKnownFileType = text.rtf; path = "Opcodes README.rtf"; sourceTree = "<group>"; };
		4F50FB8C113103D3006D0738 /* TestTFOpcode.h */ = {isa = PBXFileReference; fileEncoding = 4; lastKnownFileType = sourcecode.c.h; path = TestTFOpcode.h; sourceTree = "<group>"; };
		4F50FB8D113103D3006D0738 /* TestTFOpcode.m */ = {isa = PBXFileReference; fileEncoding = 4; lastKnownFileType = sourcecode.c.objc; path = TestTFOpcode.m; sourceTree = "<group>"; };
		4F50FCB3113113B1006D0738 /* TestTFEngine.h */ = {isa = PBXFileReference; fileEncoding = 4; lastKnownFileType = sourcecode.c.h; path = TestTFEngine.h; sourceTree = "<group>"; };
		4F50FCB4113113B1006D0738 /* TestTFEngine.m */ = {isa = PBXFileReference; fileEncoding = 4; lastKnownFileType = sourcecode.c.objc; path = TestTFEngine.m; sourceTree = "<group>"; };
		4F6B64B3111E2A2600BABD7F /* LogicTests.octest */ = {isa = PBXFileReference; explicitFileType = wrapper.cfbundle; includeInIndex = 0; path = LogicTests.octest; sourceTree = BUILT_PRODUCTS_DIR; };
		4F6B64B4111E2A2600BABD7F /* TextfyreApp-Mac-LogicTests-Info.plist */ = {isa = PBXFileReference; lastKnownFileType = text.plist.xml; path = "TextfyreApp-Mac-LogicTests-Info.plist"; sourceTree = "<group>"; };
		4F8FD6241115864C00024CED /* sh-v1.0de.ulx */ = {isa = PBXFileReference; lastKnownFileType = file; name = "sh-v1.0de.ulx"; path = "../../../winforms/Shadow/ShadowClient/ShadowClient/GameFiles/sh-v1.0de.ulx"; sourceTree = SOURCE_ROOT; };
		4F90A0A31198D2A600307D72 /* TFQuetzal.h */ = {isa = PBXFileReference; fileEncoding = 4; lastKnownFileType = sourcecode.c.h; path = TFQuetzal.h; sourceTree = "<group>"; };
		4F90A0A41198D2A600307D72 /* TFQuetzal.m */ = {isa = PBXFileReference; fileEncoding = 4; lastKnownFileType = sourcecode.c.objc; path = TFQuetzal.m; sourceTree = "<group>"; };
		4F9503151116414F003A8841 /* sh-v1.2e.ulx */ = {isa = PBXFileReference; lastKnownFileType = file; name = "sh-v1.2e.ulx"; path = "../../../winforms/Shadow/ShadowClient/ShadowRelease/sh-v1.2e.ulx"; sourceTree = SOURCE_ROOT; };
		4FB0672D119C7673003BABCA /* TestTFQuetzal.h */ = {isa = PBXFileReference; fileEncoding = 4; lastKnownFileType = sourcecode.c.h; path = TestTFQuetzal.h; sourceTree = "<group>"; };
		4FB0672E119C7673003BABCA /* TestTFQuetzal.m */ = {isa = PBXFileReference; fileEncoding = 4; lastKnownFileType = sourcecode.c.objc; path = TestTFQuetzal.m; sourceTree = "<group>"; };
		4FB0691F119CC924003BABCA /* Quetzal Invalid Files */ = {isa = PBXFileReference; lastKnownFileType = folder; path = "Quetzal Invalid Files"; sourceTree = "<group>"; };
		4FB06920119CC924003BABCA /* Quetzal Valid Files */ = {isa = PBXFileReference; lastKnownFileType = folder; path = "Quetzal Valid Files"; sourceTree = "<group>"; };
		4FB17B881139D471009491D3 /* TFVeneer.h */ = {isa = PBXFileReference; fileEncoding = 4; lastKnownFileType = sourcecode.c.h; path = TFVeneer.h; sourceTree = "<group>"; };
		4FB17B891139D471009491D3 /* TFVeneer.m */ = {isa = PBXFileReference; fileEncoding = 4; lastKnownFileType = sourcecode.c.objc; path = TFVeneer.m; sourceTree = "<group>"; };
		4FCCC0FE111548E30001000B /* sh-v1.0e.ulx */ = {isa = PBXFileReference; lastKnownFileType = file; name = "sh-v1.0e.ulx"; path = "../../../winforms/Shadow/ShadowClient/ShadowClient/GameFiles/sh-v1.0e.ulx"; sourceTree = SOURCE_ROOT; };
		4FF344511195FBD900A61F76 /* TFOutputFilterTags.h */ = {isa = PBXFileReference; fileEncoding = 4; lastKnownFileType = sourcecode.c.h; path = TFOutputFilterTags.h; sourceTree = "<group>"; };
		4FF344521195FBD900A61F76 /* TFOutputFilterTags.m */ = {isa = PBXFileReference; fileEncoding = 4; lastKnownFileType = sourcecode.c.objc; path = TFOutputFilterTags.m; sourceTree = "<group>"; };
		4FFE4C19111F966A00467156 /* TFEngine_Opcodes.h */ = {isa = PBXFileReference; fileEncoding = 4; lastKnownFileType = sourcecode.c.h; path = TFEngine_Opcodes.h; sourceTree = "<group>"; };
		4FFE4C1A111F966A00467156 /* TFEngine_Opcodes.m */ = {isa = PBXFileReference; fileEncoding = 4; lastKnownFileType = sourcecode.c.objc; path = TFEngine_Opcodes.m; sourceTree = "<group>"; };
		8D1107310486CEB800E47090 /* TextfyreApp-Mac-Info.plist */ = {isa = PBXFileReference; fileEncoding = 4; lastKnownFileType = text.plist.xml; path = "TextfyreApp-Mac-Info.plist"; sourceTree = "<group>"; };
		8D1107320486CEB800E47090 /* The Shadow in the Cathedral.app */ = {isa = PBXFileReference; explicitFileType = wrapper.application; includeInIndex = 0; path = "The Shadow in the Cathedral.app"; sourceTree = BUILT_PRODUCTS_DIR; };
/* End PBXFileReference section */

/* Begin PBXFrameworksBuildPhase section */
		4F3E15791114EE6A00007CFC /* Frameworks */ = {
			isa = PBXFrameworksBuildPhase;
			buildActionMask = 2147483647;
			files = (
				4F3E15A21114EE9800007CFC /* Cocoa.framework in Frameworks */,
				4F3E15BB1114EEF500007CFC /* SenTestingKit.framework in Frameworks */,
			);
			runOnlyForDeploymentPostprocessing = 0;
		};
		4F6B64B0111E2A2600BABD7F /* Frameworks */ = {
			isa = PBXFrameworksBuildPhase;
			buildActionMask = 2147483647;
			files = (
				4F6B64CE111E2AA000BABD7F /* Cocoa.framework in Frameworks */,
				4F6B64CD111E2A9700BABD7F /* SenTestingKit.framework in Frameworks */,
			);
			runOnlyForDeploymentPostprocessing = 0;
		};
		8D11072E0486CEB800E47090 /* Frameworks */ = {
			isa = PBXFrameworksBuildPhase;
			buildActionMask = 2147483647;
			files = (
				8D11072F0486CEB800E47090 /* Cocoa.framework in Frameworks */,
			);
			runOnlyForDeploymentPostprocessing = 0;
		};
/* End PBXFrameworksBuildPhase section */

/* Begin PBXGroup section */
		080E96DDFE201D6D7F000001 /* Classes */ = {
			isa = PBXGroup;
			children = (
				256AC3D80F4B6AC300CF3369 /* TextfyreApp-MacAppDelegate.h */,
				256AC3D90F4B6AC300CF3369 /* TextfyreApp-MacAppDelegate.m */,
			);
			path = Classes;
			sourceTree = "<group>";
		};
		1058C7A0FEA54F0111CA2CBB /* Linked Frameworks */ = {
			isa = PBXGroup;
			children = (
				1058C7A1FEA54F0111CA2CBB /* Cocoa.framework */,
				4F3E15A31114EEE000007CFC /* SenTestingKit.framework */,
			);
			name = "Linked Frameworks";
			sourceTree = "<group>";
		};
		1058C7A2FEA54F0111CA2CBB /* Other Frameworks */ = {
			isa = PBXGroup;
			children = (
				29B97324FDCFA39411CA2CEA /* AppKit.framework */,
				29B97325FDCFA39411CA2CEA /* Foundation.framework */,
			);
			name = "Other Frameworks";
			sourceTree = "<group>";
		};
		19C28FACFE9D520D11CA2CBB /* Products */ = {
			isa = PBXGroup;
			children = (
				8D1107320486CEB800E47090 /* The Shadow in the Cathedral.app */,
				4F3E157C1114EE6A00007CFC /* UnitTests.octest */,
				4F6B64B3111E2A2600BABD7F /* LogicTests.octest */,
			);
			name = Products;
			sourceTree = "<group>";
		};
		29B97314FDCFA39411CA2CEA /* fyrep-cocoa */ = {
			isa = PBXGroup;
			children = (
				4F3E14AD1114C80100007CFC /* TextfyreVM-Foundation */,
				080E96DDFE201D6D7F000001 /* Classes */,
				29B97315FDCFA39411CA2CEA /* Other Sources */,
				29B97317FDCFA39411CA2CEA /* Resources */,
				4F6B64C3111E2A5B00BABD7F /* LogicTests */,
				4F3E15C41114EF6000007CFC /* ApplicationTests */,
				29B97323FDCFA39411CA2CEA /* Frameworks */,
				19C28FACFE9D520D11CA2CBB /* Products */,
			);
			name = "fyrep-cocoa";
			sourceTree = "<group>";
		};
		29B97315FDCFA39411CA2CEA /* Other Sources */ = {
			isa = PBXGroup;
			children = (
				256AC3F00F4B6AF500CF3369 /* TextfyreApp-Mac_Prefix.pch */,
				29B97316FDCFA39411CA2CEA /* TextfyreApp-Mac main.m */,
			);
			name = "Other Sources";
			sourceTree = "<group>";
		};
		29B97317FDCFA39411CA2CEA /* Resources */ = {
			isa = PBXGroup;
			children = (
				8D1107310486CEB800E47090 /* TextfyreApp-Mac-Info.plist */,
				089C165CFE840E0CC02AAC07 /* InfoPlist.strings */,
				1DDD58140DA1D0A300B32029 /* TextfyreApp-Mac MainMenu.xib */,
			);
			name = Resources;
			sourceTree = "<group>";
		};
		29B97323FDCFA39411CA2CEA /* Frameworks */ = {
			isa = PBXGroup;
			children = (
				1058C7A0FEA54F0111CA2CBB /* Linked Frameworks */,
				1058C7A2FEA54F0111CA2CBB /* Other Frameworks */,
			);
			name = Frameworks;
			sourceTree = "<group>";
		};
		4F05E9B3111E0D5500C90CB3 /* UnitTests */ = {
			isa = PBXGroup;
			children = (
				4F1E109511438255004BB393 /* TestTFArguments.h */,
				4F1E109611438255004BB393 /* TestTFArguments.m */,
				4F50FCB3113113B1006D0738 /* TestTFEngine.h */,
				4F50FCB4113113B1006D0738 /* TestTFEngine.m */,
				4F1E10991143825E004BB393 /* TestTFHeapAllocator.h */,
				4F1E109A1143825E004BB393 /* TestTFHeapAllocator.m */,
				4F50FB8C113103D3006D0738 /* TestTFOpcode.h */,
				4F50FB8D113103D3006D0738 /* TestTFOpcode.m */,
				4F3E15CC1114F04200007CFC /* TestTFUlxImage.h */,
				4F3E15CD1114F04200007CFC /* TestTFUlxImage.m */,
				4FB0672D119C7673003BABCA /* TestTFQuetzal.h */,
				4FB0672E119C7673003BABCA /* TestTFQuetzal.m */,
				4F6B6500111E2B2C00BABD7F /* Resources */,
			);
			path = UnitTests;
			sourceTree = "<group>";
		};
		4F3E14AD1114C80100007CFC /* TextfyreVM-Foundation */ = {
			isa = PBXGroup;
			children = (
				4F3E153D1114E9B500007CFC /* GlulxConstants.h */,
				4F04E79D113F8138002D029A /* TFArguments.h */,
				4F04E7EE113F8D76002D029A /* TFArguments.m */,
				4F02BA72111BE8F70054F477 /* TFEngine.h */,
				4F02BA73111BE8F70054F477 /* TFEngine.m */,
				4FFE4C19111F966A00467156 /* TFEngine_Opcodes.h */,
				4FFE4C1A111F966A00467156 /* TFEngine_Opcodes.m */,
				4F1E0D131142ED42004BB393 /* TFEngine_Output.h */,
				4F1E0D141142ED42004BB393 /* TFEngine_Output.m */,
				4F1E0E97114344F6004BB393 /* TFHeapAllocator.h */,
				4F1E0E98114344F6004BB393 /* TFHeapAllocator.m */,
				4F1032B811447199009006DE /* TFInterpreter.h */,
				4F1032B911447199009006DE /* TFInterpreter.m */,
				4F50FB1C1130DEBD006D0738 /* TFOpcode.h */,
				4F50FB1D1130DEBD006D0738 /* TFOpcode.m */,
				4F50FB201130DEDF006D0738 /* Opcodes README.rtf */,
				4F50FAD91130ADF8006D0738 /* Opcodes.plist */,
				4F4D7EDB114C2B7900EA5308 /* TFOutputBuffer.h */,
				4F4D7EDC114C2B7900EA5308 /* TFOutputBuffer.m */,
				4FF344511195FBD900A61F76 /* TFOutputFilterTags.h */,
				4FF344521195FBD900A61F76 /* TFOutputFilterTags.m */,
				4F90A0A31198D2A600307D72 /* TFQuetzal.h */,
				4F90A0A41198D2A600307D72 /* TFQuetzal.m */,
				4F4D7F39114C45E700EA5308 /* TFStrNode.h */,
				4F4D7F3A114C45E700EA5308 /* TFStrNode.m */,
				4F3E14B11114C8C000007CFC /* TFUlxImage.h */,
				4F3E14B21114C8C000007CFC /* TFUlxImage.m */,
				4FB17B881139D471009491D3 /* TFVeneer.h */,
				4FB17B891139D471009491D3 /* TFVeneer.m */,
				4F05E9B3111E0D5500C90CB3 /* UnitTests */,
			);
			name = "TextfyreVM-Foundation";
			path = "../../Shared/TextfyreVM-Foundation";
			sourceTree = "<group>";
		};
		4F3E15C41114EF6000007CFC /* ApplicationTests */ = {
			isa = PBXGroup;
			children = (
				4F3E157D1114EE6A00007CFC /* TextfyreApp-Mac-ApplicationTests-Info.plist */,
			);
			path = ApplicationTests;
			sourceTree = "<group>";
		};
		4F6B64C3111E2A5B00BABD7F /* LogicTests */ = {
			isa = PBXGroup;
			children = (
				4F6B64B4111E2A2600BABD7F /* TextfyreApp-Mac-LogicTests-Info.plist */,
			);
			path = LogicTests;
			sourceTree = "<group>";
		};
		4F6B6500111E2B2C00BABD7F /* Resources */ = {
			isa = PBXGroup;
			children = (
				4F9503151116414F003A8841 /* sh-v1.2e.ulx */,
				4F8FD6241115864C00024CED /* sh-v1.0de.ulx */,
				4FCCC0FE111548E30001000B /* sh-v1.0e.ulx */,
				4FB06920119CC924003BABCA /* Quetzal Valid Files */,
				4FB0691F119CC924003BABCA /* Quetzal Invalid Files */,
			);
			name = Resources;
			sourceTree = "<group>";
		};
/* End PBXGroup section */

/* Begin PBXNativeTarget section */
		4F3E157B1114EE6A00007CFC /* ApplicationTests */ = {
			isa = PBXNativeTarget;
			buildConfigurationList = 4F3E15801114EE6A00007CFC /* Build configuration list for PBXNativeTarget "ApplicationTests" */;
			buildPhases = (
				4F3E15771114EE6A00007CFC /* Resources */,
				4F3E15781114EE6A00007CFC /* Sources */,
				4F3E15791114EE6A00007CFC /* Frameworks */,
				4FB068CC119CC5C9003BABCA /* Copy Quetzal Files */,
				4F3E157A1114EE6A00007CFC /* Run Unit Tests */,
			);
			buildRules = (
			);
			dependencies = (
				4FCCC12E11154AEA0001000B /* PBXTargetDependency */,
			);
			name = ApplicationTests;
			productName = UnitTests;
			productReference = 4F3E157C1114EE6A00007CFC /* UnitTests.octest */;
			productType = "com.apple.product-type.bundle";
		};
		4F6B64B2111E2A2600BABD7F /* LogicTests */ = {
			isa = PBXNativeTarget;
			buildConfigurationList = 4F6B64B7111E2A2700BABD7F /* Build configuration list for PBXNativeTarget "LogicTests" */;
			buildPhases = (
				4F6B64AE111E2A2600BABD7F /* Resources */,
				4F6B64AF111E2A2600BABD7F /* Sources */,
				4F6B64B0111E2A2600BABD7F /* Frameworks */,
				4FB068AA119CC3FA003BABCA /* Copy Quetzal Files */,
				4F6B64B1111E2A2600BABD7F /* Run Unit Tests */,
			);
			buildRules = (
			);
			dependencies = (
			);
			name = LogicTests;
			productName = LogicTests;
			productReference = 4F6B64B3111E2A2600BABD7F /* LogicTests.octest */;
			productType = "com.apple.product-type.bundle";
		};
		8D1107260486CEB800E47090 /* The Shadow in the Cathedral */ = {
			isa = PBXNativeTarget;
			buildConfigurationList = C01FCF4A08A954540054247B /* Build configuration list for PBXNativeTarget "The Shadow in the Cathedral" */;
			buildPhases = (
				8D1107290486CEB800E47090 /* Resources */,
				8D11072C0486CEB800E47090 /* Sources */,
				8D11072E0486CEB800E47090 /* Frameworks */,
			);
			buildRules = (
			);
			dependencies = (
			);
			name = "The Shadow in the Cathedral";
			productInstallPath = "$(HOME)/Applications";
			productName = "fyrep-cocoa";
			productReference = 8D1107320486CEB800E47090 /* The Shadow in the Cathedral.app */;
			productType = "com.apple.product-type.application";
		};
/* End PBXNativeTarget section */

/* Begin PBXProject section */
		29B97313FDCFA39411CA2CEA /* Project object */ = {
			isa = PBXProject;
			attributes = {
				ORGANIZATIONNAME = "Textfyre, Inc";
			};
			buildConfigurationList = C01FCF4E08A954540054247B /* Build configuration list for PBXProject "The Shadow in the Cathedral" */;
			compatibilityVersion = "Xcode 3.2";
			hasScannedForEncodings = 1;
			mainGroup = 29B97314FDCFA39411CA2CEA /* fyrep-cocoa */;
			projectDirPath = "";
			projectRoots = (
				"",
				../../Shared,
			);
			targets = (
				8D1107260486CEB800E47090 /* The Shadow in the Cathedral */,
				4F6B64B2111E2A2600BABD7F /* LogicTests */,
				4F3E157B1114EE6A00007CFC /* ApplicationTests */,
			);
		};
/* End PBXProject section */

/* Begin PBXResourcesBuildPhase section */
		4F3E15771114EE6A00007CFC /* Resources */ = {
			isa = PBXResourcesBuildPhase;
			buildActionMask = 2147483647;
			files = (
				4F95031C1116419C003A8841 /* sh-v1.0de.ulx in Resources */,
				4FCCC100111549050001000B /* sh-v1.0e.ulx in Resources */,
				4FB06913119CC85A003BABCA /* sh-v1.2e.ulx in Resources */,
			);
			runOnlyForDeploymentPostprocessing = 0;
		};
		4F6B64AE111E2A2600BABD7F /* Resources */ = {
			isa = PBXResourcesBuildPhase;
			buildActionMask = 2147483647;
			files = (
				4F6B64D7111E2AE100BABD7F /* sh-v1.0de.ulx in Resources */,
				4F6B64D8111E2AE100BABD7F /* sh-v1.0e.ulx in Resources */,
				4F50FBE911310779006D0738 /* Opcodes.plist in Resources */,
				4FB06911119CC83C003BABCA /* sh-v1.2e.ulx in Resources */,
			);
			runOnlyForDeploymentPostprocessing = 0;
		};
		8D1107290486CEB800E47090 /* Resources */ = {
			isa = PBXResourcesBuildPhase;
			buildActionMask = 2147483647;
			files = (
				8D11072B0486CEB800E47090 /* InfoPlist.strings in Resources */,
				1DDD58160DA1D0A300B32029 /* TextfyreApp-Mac MainMenu.xib in Resources */,
				4F50FADA1130ADF8006D0738 /* Opcodes.plist in Resources */,
			);
			runOnlyForDeploymentPostprocessing = 0;
		};
/* End PBXResourcesBuildPhase section */

/* Begin PBXShellScriptBuildPhase section */
		4F3E157A1114EE6A00007CFC /* Run Unit Tests */ = {
			isa = PBXShellScriptBuildPhase;
			buildActionMask = 2147483647;
			files = (
			);
			inputPaths = (
			);
			name = "Run Unit Tests";
			outputPaths = (
			);
			runOnlyForDeploymentPostprocessing = 0;
			shellPath = /bin/sh;
			shellScript = "# Run the unit tests in this test bundle.\n\"${SYSTEM_DEVELOPER_DIR}/Tools/RunUnitTests\"\n";
			showEnvVarsInLog = 0;
		};
		4F6B64B1111E2A2600BABD7F /* Run Unit Tests */ = {
			isa = PBXShellScriptBuildPhase;
			buildActionMask = 2147483647;
			files = (
			);
			inputPaths = (
			);
			name = "Run Unit Tests";
			outputPaths = (
			);
			runOnlyForDeploymentPostprocessing = 0;
			shellPath = /bin/sh;
			shellScript = "# Run the unit tests in this test bundle.\n\"${SYSTEM_DEVELOPER_DIR}/Tools/RunUnitTests\"\n";
			showEnvVarsInLog = 0;
		};
		4FB068AA119CC3FA003BABCA /* Copy Quetzal Files */ = {
			isa = PBXShellScriptBuildPhase;
			buildActionMask = 2147483647;
			files = (
			);
			inputPaths = (
			);
			name = "Copy Quetzal Files";
			outputPaths = (
			);
			runOnlyForDeploymentPostprocessing = 0;
			shellPath = /bin/sh;
			shellScript = "FROM_DIRECTORY=\"$SRCROOT/../../Shared/TextfyreVM-Foundation/UnitTests/\"\nTO_DIRECTORY=\"$BUILT_PRODUCTS_DIR/$FULL_PRODUCT_NAME/Contents/Resources\"\n\ndelete_and_copy()\n{\n\tname=$1\n\n\tif [ -d \"$TO_DIRECTORY/$name\" ]; then\n\t\t/bin/rm -rf \"$TO_DIRECTORY/$name\"\n\t\tif [ $? != 0 ]; then\n\t\t\texit $?\n\t\tfi\n\tfi\n\n\tcp -r \"$FROM_DIRECTORY/$name\" \"$TO_DIRECTORY/$name\"\n\tif [ $? != 0 ]; then\n\t\texit $?\n\tfi\n}\n\ndelete_and_copy \"Quetzal Valid Files\"\ndelete_and_copy \"Quetzal Invalid Files\"";
		};
		4FB068CC119CC5C9003BABCA /* Copy Quetzal Files */ = {
			isa = PBXShellScriptBuildPhase;
			buildActionMask = 2147483647;
			files = (
			);
			inputPaths = (
			);
			name = "Copy Quetzal Files";
			outputPaths = (
			);
			runOnlyForDeploymentPostprocessing = 0;
			shellPath = /bin/sh;
			shellScript = "FROM_DIRECTORY=\"$SRCROOT/../../Shared/TextfyreVM-Foundation/UnitTests/\"\nTO_DIRECTORY=\"$BUILT_PRODUCTS_DIR/$FULL_PRODUCT_NAME/Contents/Resources\"\n\ndelete_and_copy()\n{\n\tname=$1\n\n\tif [ -d \"$TO_DIRECTORY/$name\" ]; then\n\t\t/bin/rm -rf \"$TO_DIRECTORY/$name\"\n\t\tif [ $? != 0 ]; then\n\t\t\texit $?\n\t\tfi\n\tfi\n\n\tcp -r \"$FROM_DIRECTORY/$name\" \"$TO_DIRECTORY/$name\"\n\tif [ $? != 0 ]; then\n\t\texit $?\n\tfi\n}\n\ndelete_and_copy \"Quetzal Valid Files\"\ndelete_and_copy \"Quetzal Invalid Files\"";
		};
/* End PBXShellScriptBuildPhase section */

/* Begin PBXSourcesBuildPhase section */
		4F3E15781114EE6A00007CFC /* Sources */ = {
			isa = PBXSourcesBuildPhase;
			buildActionMask = 2147483647;
			files = (
				4F3E15CE1114F04200007CFC /* TestTFUlxImage.m in Sources */,
				4F50FB8F113103E4006D0738 /* TestTFOpcode.m in Sources */,
				4F1E10AC11438300004BB393 /* TestTFHeapAllocator.m in Sources */,
				4F1E10AD11438301004BB393 /* TestTFEngine.m in Sources */,
				4F1E10AE11438303004BB393 /* TestTFArguments.m in Sources */,
				4FB06734119C7693003BABCA /* TestTFQuetzal.m in Sources */,
			);
			runOnlyForDeploymentPostprocessing = 0;
		};
		4F6B64AF111E2A2600BABD7F /* Sources */ = {
			isa = PBXSourcesBuildPhase;
			buildActionMask = 2147483647;
			files = (
				4F04E7EF113F8D76002D029A /* TFArguments.m in Sources */,
				4F6B64D6111E2AC300BABD7F /* TFEngine.m in Sources */,
				4F1E0D151142ED42004BB393 /* TFEngine_Output.m in Sources */,
				4FFE4C1C111F966A00467156 /* TFEngine_Opcodes.m in Sources */,
				4F1E0E99114344F6004BB393 /* TFHeapAllocator.m in Sources */,
				4F1032BB11447199009006DE /* TFInterpreter.m in Sources */,
				4F50FB1E1130DEBD006D0738 /* TFOpcode.m in Sources */,
				4F4D7EDE114C2B7900EA5308 /* TFOutputBuffer.m in Sources */,
				4FF344541195FBD900A61F76 /* TFOutputFilterTags.m in Sources */,
				4F90A0A61198D2A600307D72 /* TFQuetzal.m in Sources */,
				4F4D7F3C114C45E700EA5308 /* TFStrNode.m in Sources */,
				4F6B64D4111E2AC300BABD7F /* TFUlxImage.m in Sources */,
				4FB17B8A1139D471009491D3 /* TFVeneer.m in Sources */,
				4F1E109711438255004BB393 /* TestTFArguments.m in Sources */,
				4F50FCB5113113B1006D0738 /* TestTFEngine.m in Sources */,
				4F1E109B1143825E004BB393 /* TestTFHeapAllocator.m in Sources */,
				4F50FB8E113103D3006D0738 /* TestTFOpcode.m in Sources */,
				4FB0672F119C7673003BABCA /* TestTFQuetzal.m in Sources */,
				4F6B64D1111E2AAC00BABD7F /* TestTFUlxImage.m in Sources */,
			);
			runOnlyForDeploymentPostprocessing = 0;
		};
		8D11072C0486CEB800E47090 /* Sources */ = {
			isa = PBXSourcesBuildPhase;
			buildActionMask = 2147483647;
			files = (
				8D11072D0486CEB800E47090 /* TextfyreApp-Mac main.m in Sources */,
				256AC3DA0F4B6AC300CF3369 /* TextfyreApp-MacAppDelegate.m in Sources */,
				4F04E7F0113F8D76002D029A /* TFArguments.m in Sources */,
				4F02BA74111BE8F70054F477 /* TFEngine.m in Sources */,
				4FFE4C1B111F966A00467156 /* TFEngine_Opcodes.m in Sources */,
				4F1E0D161142ED42004BB393 /* TFEngine_Output.m in Sources */,
				4F1E0E9A114344F6004BB393 /* TFHeapAllocator.m in Sources */,
				4F1032BA11447199009006DE /* TFInterpreter.m in Sources */,
				4F50FB1F1130DEBD006D0738 /* TFOpcode.m in Sources */,
				4F4D7EDD114C2B7900EA5308 /* TFOutputBuffer.m in Sources */,
				4FF344531195FBD900A61F76 /* TFOutputFilterTags.m in Sources */,
				4F90A0A51198D2A600307D72 /* TFQuetzal.m in Sources */,
				4F4D7F3B114C45E700EA5308 /* TFStrNode.m in Sources */,
				4F3E14B31114C8C000007CFC /* TFUlxImage.m in Sources */,
				4FB17B8B1139D471009491D3 /* TFVeneer.m in Sources */,
			);
			runOnlyForDeploymentPostprocessing = 0;
		};
/* End PBXSourcesBuildPhase section */

/* Begin PBXTargetDependency section */
		4FCCC12E11154AEA0001000B /* PBXTargetDependency */ = {
			isa = PBXTargetDependency;
			target = 8D1107260486CEB800E47090 /* The Shadow in the Cathedral */;
			targetProxy = 4FCCC12D11154AEA0001000B /* PBXContainerItemProxy */;
		};
/* End PBXTargetDependency section */

/* Begin PBXVariantGroup section */
		089C165CFE840E0CC02AAC07 /* InfoPlist.strings */ = {
			isa = PBXVariantGroup;
			children = (
				089C165DFE840E0CC02AAC07 /* English */,
			);
			name = InfoPlist.strings;
			sourceTree = "<group>";
		};
		1DDD58140DA1D0A300B32029 /* TextfyreApp-Mac MainMenu.xib */ = {
			isa = PBXVariantGroup;
			children = (
				1DDD58150DA1D0A300B32029 /* English */,
			);
			name = "TextfyreApp-Mac MainMenu.xib";
			sourceTree = "<group>";
		};
/* End PBXVariantGroup section */

/* Begin XCBuildConfiguration section */
		4F3E157E1114EE6A00007CFC /* Debug */ = {
			isa = XCBuildConfiguration;
			buildSettings = {
				ALWAYS_SEARCH_USER_PATHS = NO;
				BUNDLE_LOADER = "$(BUILT_PRODUCTS_DIR)/The Shadow in the Cathedral.app/Contents/MacOS/The Shadow in the Cathedral";
				COPY_PHASE_STRIP = NO;
				FRAMEWORK_SEARCH_PATHS = "$(DEVELOPER_LIBRARY_DIR)/Frameworks";
				GCC_DYNAMIC_NO_PIC = NO;
				GCC_ENABLE_FIX_AND_CONTINUE = NO;
				GCC_ENABLE_OBJC_EXCEPTIONS = YES;
				GCC_MODEL_TUNING = G5;
				GCC_OPTIMIZATION_LEVEL = 0;
				INFOPLIST_FILE = "ApplicationTests/TextfyreApp-Mac-ApplicationTests-Info.plist";
				INSTALL_PATH = "$(USER_LIBRARY_DIR)/Bundles";
				PREBINDING = NO;
				PRODUCT_NAME = UnitTests;
				TEST_HOST = "$(BUNDLE_LOADER)";
				WRAPPER_EXTENSION = octest;
			};
			name = Debug;
		};
		4F3E157F1114EE6A00007CFC /* Release */ = {
			isa = XCBuildConfiguration;
			buildSettings = {
				ALWAYS_SEARCH_USER_PATHS = NO;
				BUNDLE_LOADER = "$(BUILT_PRODUCTS_DIR)/fyrep-cocoa.app/Contents/MacOS/fyrep-cocoa";
				COPY_PHASE_STRIP = YES;
				DEBUG_INFORMATION_FORMAT = "dwarf-with-dsym";
				FRAMEWORK_SEARCH_PATHS = "$(DEVELOPER_LIBRARY_DIR)/Frameworks";
				GCC_ENABLE_FIX_AND_CONTINUE = NO;
				GCC_ENABLE_OBJC_EXCEPTIONS = YES;
				GCC_MODEL_TUNING = G5;
				INFOPLIST_FILE = "ApplicationTests/ApplicationTests-Info.plist";
				INSTALL_PATH = "$(USER_LIBRARY_DIR)/Bundles";
				PREBINDING = NO;
				PRODUCT_NAME = UnitTests;
				TEST_HOST = "$(BUNDLE_LOADER)";
				WRAPPER_EXTENSION = octest;
				ZERO_LINK = NO;
			};
			name = Release;
		};
		4F6B64B5111E2A2700BABD7F /* Debug */ = {
			isa = XCBuildConfiguration;
			buildSettings = {
				ALWAYS_SEARCH_USER_PATHS = NO;
				COPY_PHASE_STRIP = NO;
				FRAMEWORK_SEARCH_PATHS = "$(DEVELOPER_LIBRARY_DIR)/Frameworks";
				GCC_DYNAMIC_NO_PIC = NO;
				GCC_ENABLE_FIX_AND_CONTINUE = NO;
				GCC_ENABLE_OBJC_EXCEPTIONS = YES;
				GCC_MODEL_TUNING = G5;
				GCC_OPTIMIZATION_LEVEL = 0;
				GCC_PRECOMPILE_PREFIX_HEADER = YES;
				GCC_PREFIX_HEADER = "TextfyreApp-Mac_Prefix.pch";
				INFOPLIST_FILE = "LogicTests/TextfyreApp-Mac-LogicTests-Info.plist";
				INSTALL_PATH = "$(USER_LIBRARY_DIR)/Bundles";
				PREBINDING = NO;
				PRODUCT_NAME = LogicTests;
				WRAPPER_EXTENSION = octest;
			};
			name = Debug;
		};
		4F6B64B6111E2A2700BABD7F /* Release */ = {
			isa = XCBuildConfiguration;
			buildSettings = {
				ALWAYS_SEARCH_USER_PATHS = NO;
				COPY_PHASE_STRIP = YES;
				DEBUG_INFORMATION_FORMAT = "dwarf-with-dsym";
				FRAMEWORK_SEARCH_PATHS = "$(DEVELOPER_LIBRARY_DIR)/Frameworks";
				GCC_ENABLE_FIX_AND_CONTINUE = NO;
				GCC_ENABLE_OBJC_EXCEPTIONS = YES;
				GCC_MODEL_TUNING = G5;
				GCC_PRECOMPILE_PREFIX_HEADER = YES;
				GCC_PREFIX_HEADER = "$(SYSTEM_LIBRARY_DIR)/Frameworks/Cocoa.framework/Headers/Cocoa.h";
				INFOPLIST_FILE = "LogicTests/LogicTests-Info.plist";
				INSTALL_PATH = "$(USER_LIBRARY_DIR)/Bundles";
				PREBINDING = NO;
				PRODUCT_NAME = LogicTests;
				WRAPPER_EXTENSION = octest;
				ZERO_LINK = NO;
			};
			name = Release;
		};
		C01FCF4B08A954540054247B /* Debug */ = {
			isa = XCBuildConfiguration;
			buildSettings = {
				ALWAYS_SEARCH_USER_PATHS = NO;
				COPY_PHASE_STRIP = NO;
				GCC_DYNAMIC_NO_PIC = NO;
				GCC_ENABLE_FIX_AND_CONTINUE = YES;
				GCC_MODEL_TUNING = G5;
				GCC_OPTIMIZATION_LEVEL = 0;
				GCC_PRECOMPILE_PREFIX_HEADER = YES;
				GCC_PREFIX_HEADER = "TextfyreApp-Mac_Prefix.pch";
				INFOPLIST_FILE = "TextfyreApp-Mac-Info.plist";
				INSTALL_PATH = "$(HOME)/Applications";
				PRODUCT_NAME = "The Shadow in the Cathedral";
			};
			name = Debug;
		};
		C01FCF4C08A954540054247B /* Release */ = {
			isa = XCBuildConfiguration;
			buildSettings = {
				ALWAYS_SEARCH_USER_PATHS = NO;
				DEBUG_INFORMATION_FORMAT = "dwarf-with-dsym";
				FRAMEWORK_SEARCH_PATHS = (
					"$(inherited)",
					"\"$(DEVELOPER_FRAMEWORKS_DIR)\"",
				);
				GCC_MODEL_TUNING = G5;
				GCC_PRECOMPILE_PREFIX_HEADER = YES;
				GCC_PREFIX_HEADER = fyrep_cocoa_Prefix.pch;
				INFOPLIST_FILE = "fyrep_cocoa-Info.plist";
				INSTALL_PATH = "$(HOME)/Applications";
				PRODUCT_NAME = "The Shadow in the Cathedral";
			};
			name = Release;
		};
		C01FCF4F08A954540054247B /* Debug */ = {
			isa = XCBuildConfiguration;
			buildSettings = {
				ARCHS = "$(ARCHS_STANDARD_32_64_BIT)";
				GCC_C_LANGUAGE_STANDARD = gnu99;
				GCC_OPTIMIZATION_LEVEL = 0;
				GCC_WARN_ABOUT_RETURN_TYPE = YES;
				GCC_WARN_UNUSED_VARIABLE = YES;
				ONLY_ACTIVE_ARCH = YES;
				PREBINDING = NO;
				SDKROOT = macosx10.5;
			};
			name = Debug;
		};
		C01FCF5008A954540054247B /* Release */ = {
			isa = XCBuildConfiguration;
			buildSettings = {
				ARCHS = "$(ARCHS_STANDARD_32_64_BIT)";
				GCC_C_LANGUAGE_STANDARD = gnu99;
				GCC_WARN_ABOUT_RETURN_TYPE = YES;
				GCC_WARN_UNUSED_VARIABLE = YES;
				PREBINDING = NO;
				SDKROOT = macosx10.5;
			};
			name = Release;
		};
/* End XCBuildConfiguration section */

/* Begin XCConfigurationList section */
		4F3E15801114EE6A00007CFC /* Build configuration list for PBXNativeTarget "ApplicationTests" */ = {
			isa = XCConfigurationList;
			buildConfigurations = (
				4F3E157E1114EE6A00007CFC /* Debug */,
				4F3E157F1114EE6A00007CFC /* Release */,
			);
			defaultConfigurationIsVisible = 0;
			defaultConfigurationName = Release;
		};
		4F6B64B7111E2A2700BABD7F /* Build configuration list for PBXNativeTarget "LogicTests" */ = {
			isa = XCConfigurationList;
			buildConfigurations = (
				4F6B64B5111E2A2700BABD7F /* Debug */,
				4F6B64B6111E2A2700BABD7F /* Release */,
			);
			defaultConfigurationIsVisible = 0;
			defaultConfigurationName = Release;
		};
		C01FCF4A08A954540054247B /* Build configuration list for PBXNativeTarget "The Shadow in the Cathedral" */ = {
			isa = XCConfigurationList;
			buildConfigurations = (
				C01FCF4B08A954540054247B /* Debug */,
				C01FCF4C08A954540054247B /* Release */,
			);
			defaultConfigurationIsVisible = 0;
			defaultConfigurationName = Release;
		};
		C01FCF4E08A954540054247B /* Build configuration list for PBXProject "The Shadow in the Cathedral" */ = {
			isa = XCConfigurationList;
			buildConfigurations = (
				C01FCF4F08A954540054247B /* Debug */,
				C01FCF5008A954540054247B /* Release */,
			);
			defaultConfigurationIsVisible = 0;
			defaultConfigurationName = Release;
		};
/* End XCConfigurationList section */
	};
	rootObject = 29B97313FDCFA39411CA2CEA /* Project object */;
}
