
Microsoft Visual Studio Solution File, Format Version 11.00
# Visual Studio 2010
Project("{FAE04EC0-301F-11D3-BF4B-00C04F79EFBC}") = "Shadow", "Shadow\Shadow.csproj", "{6B99F9E4-D00E-44ED-88D4-DA060353C8D5}"
EndProject
Project("{FAE04EC0-301F-11D3-BF4B-00C04F79EFBC}") = "Textfyre.WinPhone7.VM", "Textfyre.WinPhone7.VM\Textfyre.WinPhone7.VM.csproj", "{225211CF-7900-4D75-B7BA-06A29F81F3BE}"
EndProject
Global
	GlobalSection(SolutionConfigurationPlatforms) = preSolution
		Debug|Any CPU = Debug|Any CPU
		Release|Any CPU = Release|Any CPU
	EndGlobalSection
	GlobalSection(ProjectConfigurationPlatforms) = postSolution
		{6B99F9E4-D00E-44ED-88D4-DA060353C8D5}.Debug|Any CPU.ActiveCfg = Debug|Any CPU
		{6B99F9E4-D00E-44ED-88D4-DA060353C8D5}.Debug|Any CPU.Build.0 = Debug|Any CPU
		{6B99F9E4-D00E-44ED-88D4-DA060353C8D5}.Debug|Any CPU.Deploy.0 = Debug|Any CPU
		{6B99F9E4-D00E-44ED-88D4-DA060353C8D5}.Release|Any CPU.ActiveCfg = Release|Any CPU
		{6B99F9E4-D00E-44ED-88D4-DA060353C8D5}.Release|Any CPU.Build.0 = Release|Any CPU
		{6B99F9E4-D00E-44ED-88D4-DA060353C8D5}.Release|Any CPU.Deploy.0 = Release|Any CPU
		{225211CF-7900-4D75-B7BA-06A29F81F3BE}.Debug|Any CPU.ActiveCfg = Debug|Any CPU
		{225211CF-7900-4D75-B7BA-06A29F81F3BE}.Debug|Any CPU.Build.0 = Debug|Any CPU
		{225211CF-7900-4D75-B7BA-06A29F81F3BE}.Release|Any CPU.ActiveCfg = Release|Any CPU
		{225211CF-7900-4D75-B7BA-06A29F81F3BE}.Release|Any CPU.Build.0 = Release|Any CPU
	EndGlobalSection
	GlobalSection(SolutionProperties) = preSolution
		HideSolutionNode = FALSE
	EndGlobalSection
EndGlobal
