
Microsoft Visual Studio Solution File, Format Version 10.00
# Visual Studio 2008
Project("{E24C65DC-7377-472B-9ABA-BC803B73C61A}") = "tf2design", "..\tf2design", "{B2924E17-446A-46D5-892A-E3DC6F8096A9}"
	ProjectSection(WebsiteProperties) = preProject
		TargetFramework = "3.5"
		Debug.AspNetCompiler.VirtualPath = "/tf2design"
		Debug.AspNetCompiler.PhysicalPath = "..\tf2design\"
		Debug.AspNetCompiler.TargetPath = "PrecompiledWeb\tf2design\"
		Debug.AspNetCompiler.Updateable = "true"
		Debug.AspNetCompiler.ForceOverwrite = "true"
		Debug.AspNetCompiler.FixedNames = "false"
		Debug.AspNetCompiler.Debug = "True"
		Release.AspNetCompiler.VirtualPath = "/tf2design"
		Release.AspNetCompiler.PhysicalPath = "..\tf2design\"
		Release.AspNetCompiler.TargetPath = "PrecompiledWeb\tf2design\"
		Release.AspNetCompiler.Updateable = "true"
		Release.AspNetCompiler.ForceOverwrite = "true"
		Release.AspNetCompiler.FixedNames = "false"
		Release.AspNetCompiler.Debug = "False"
		VWDPort = "1205"
	EndProjectSection
EndProject
Global
	GlobalSection(SolutionConfigurationPlatforms) = preSolution
		Debug|Any CPU = Debug|Any CPU
	EndGlobalSection
	GlobalSection(ProjectConfigurationPlatforms) = postSolution
		{B2924E17-446A-46D5-892A-E3DC6F8096A9}.Debug|Any CPU.ActiveCfg = Debug|Any CPU
		{B2924E17-446A-46D5-892A-E3DC6F8096A9}.Debug|Any CPU.Build.0 = Debug|Any CPU
	EndGlobalSection
	GlobalSection(SolutionProperties) = preSolution
		HideSolutionNode = FALSE
	EndGlobalSection
EndGlobal
