
Microsoft Visual Studio Solution File, Format Version 10.00
# Visual Studio 2008
Project("{FAE04EC0-301F-11D3-BF4B-00C04F79EFBC}") = "IAAI.Common.Contracts", "IAAI.Common.Contracts\IAAI.Common.Contracts.csproj", "{E1CE9082-4F5F-4D7B-AD86-52A3D30D63A8}"
EndProject
Project("{FAE04EC0-301F-11D3-BF4B-00C04F79EFBC}") = "IAAI.Common.Services", "IAAI.Common.Services\IAAI.Common.Services.csproj", "{01254A26-CB20-4088-BBB2-667795C72C6D}"
EndProject
Project("{FAE04EC0-301F-11D3-BF4B-00C04F79EFBC}") = "IAAI.Common.Logging", "..\IAAI.Common.Logging\IAAI.Common.Logging.csproj", "{2F986E56-8D6D-425E-958C-605C982EBBE3}"
EndProject
Project("{FAE04EC0-301F-11D3-BF4B-00C04F79EFBC}") = "IAAI.AuctionCenter.Model", "..\IAAI.AuctionCenter\IAAI.AuctionCenter.Model\IAAI.AuctionCenter.Model.csproj", "{7B96C843-7BA8-4A84-9348-417782159995}"
EndProject
Project("{FAE04EC0-301F-11D3-BF4B-00C04F79EFBC}") = "IAAI.Common.DataLayer", "..\IAAI.Common.DataLayer\IAAI.Common.DataLayer.csproj", "{E066D3A3-180D-48BD-B715-E22DCC1DD78C}"
EndProject
Project("{FAE04EC0-301F-11D3-BF4B-00C04F79EFBC}") = "IAAI.Common.Utilities", "..\IAAI.Common.Utilities\IAAI.Common.Utilities.csproj", "{B8FCF849-AE33-4635-8087-AB3410BCA43B}"
EndProject
Global
	GlobalSection(SolutionConfigurationPlatforms) = preSolution
		Debug|Any CPU = Debug|Any CPU
		Release|Any CPU = Release|Any CPU
	EndGlobalSection
	GlobalSection(ProjectConfigurationPlatforms) = postSolution
		{E1CE9082-4F5F-4D7B-AD86-52A3D30D63A8}.Debug|Any CPU.ActiveCfg = Debug|Any CPU
		{E1CE9082-4F5F-4D7B-AD86-52A3D30D63A8}.Debug|Any CPU.Build.0 = Debug|Any CPU
		{E1CE9082-4F5F-4D7B-AD86-52A3D30D63A8}.Release|Any CPU.ActiveCfg = Release|Any CPU
		{E1CE9082-4F5F-4D7B-AD86-52A3D30D63A8}.Release|Any CPU.Build.0 = Release|Any CPU
		{01254A26-CB20-4088-BBB2-667795C72C6D}.Debug|Any CPU.ActiveCfg = Debug|Any CPU
		{01254A26-CB20-4088-BBB2-667795C72C6D}.Debug|Any CPU.Build.0 = Debug|Any CPU
		{01254A26-CB20-4088-BBB2-667795C72C6D}.Release|Any CPU.ActiveCfg = Release|Any CPU
		{01254A26-CB20-4088-BBB2-667795C72C6D}.Release|Any CPU.Build.0 = Release|Any CPU
		{2F986E56-8D6D-425E-958C-605C982EBBE3}.Debug|Any CPU.ActiveCfg = Debug|Any CPU
		{2F986E56-8D6D-425E-958C-605C982EBBE3}.Debug|Any CPU.Build.0 = Debug|Any CPU
		{2F986E56-8D6D-425E-958C-605C982EBBE3}.Release|Any CPU.ActiveCfg = Release|Any CPU
		{2F986E56-8D6D-425E-958C-605C982EBBE3}.Release|Any CPU.Build.0 = Release|Any CPU
		{7B96C843-7BA8-4A84-9348-417782159995}.Debug|Any CPU.ActiveCfg = Debug|Any CPU
		{7B96C843-7BA8-4A84-9348-417782159995}.Debug|Any CPU.Build.0 = Debug|Any CPU
		{7B96C843-7BA8-4A84-9348-417782159995}.Release|Any CPU.ActiveCfg = Release|Any CPU
		{7B96C843-7BA8-4A84-9348-417782159995}.Release|Any CPU.Build.0 = Release|Any CPU
		{E066D3A3-180D-48BD-B715-E22DCC1DD78C}.Debug|Any CPU.ActiveCfg = Debug|Any CPU
		{E066D3A3-180D-48BD-B715-E22DCC1DD78C}.Debug|Any CPU.Build.0 = Debug|Any CPU
		{E066D3A3-180D-48BD-B715-E22DCC1DD78C}.Release|Any CPU.ActiveCfg = Release|Any CPU
		{E066D3A3-180D-48BD-B715-E22DCC1DD78C}.Release|Any CPU.Build.0 = Release|Any CPU
		{B8FCF849-AE33-4635-8087-AB3410BCA43B}.Debug|Any CPU.ActiveCfg = Debug|Any CPU
		{B8FCF849-AE33-4635-8087-AB3410BCA43B}.Debug|Any CPU.Build.0 = Debug|Any CPU
		{B8FCF849-AE33-4635-8087-AB3410BCA43B}.Release|Any CPU.ActiveCfg = Release|Any CPU
		{B8FCF849-AE33-4635-8087-AB3410BCA43B}.Release|Any CPU.Build.0 = Release|Any CPU
	EndGlobalSection
	GlobalSection(SolutionProperties) = preSolution
		HideSolutionNode = FALSE
	EndGlobalSection
EndGlobal
