
Microsoft Visual Studio Solution File, Format Version 10.00
# Visual Studio 2008
Project("{FAE04EC0-301F-11D3-BF4B-00C04F79EFBC}") = "Textfyre.Common.Contracts", "Textfyre.Common.Contracts\Textfyre.Common.Contracts.csproj", "{E1CE9082-4F5F-4D7B-AD86-52A3D30D63A8}"
EndProject
Project("{FAE04EC0-301F-11D3-BF4B-00C04F79EFBC}") = "Textfyre.Common.Services", "Textfyre.Common.Services\Textfyre.Common.Services.csproj", "{01254A26-CB20-4088-BBB2-667795C72C6D}"
EndProject
Global
	GlobalSection(SolutionConfigurationPlatforms) = preSolution
		Debug|Any CPU = Debug|Any CPU
		Release|Any CPU = Release|Any CPU
	EndGlobalSection
	GlobalSection(ProjectConfigurationPlatforms) = postSolution
		{E1CE9082-4F5F-4D7B-AD86-52A3D30D63A8}.Debug|Any CPU.ActiveCfg = Debug|Any CPU
		{E1CE9082-4F5F-4D7B-AD86-52A3D30D63A8}.Debug|Any CPU.Build.0 = Debug|Any CPU
		{E1CE9082-4F5F-4D7B-AD86-52A3D30D63A8}.Release|Any CPU.ActiveCfg = Release|Any CPU
		{E1CE9082-4F5F-4D7B-AD86-52A3D30D63A8}.Release|Any CPU.Build.0 = Release|Any CPU
		{01254A26-CB20-4088-BBB2-667795C72C6D}.Debug|Any CPU.ActiveCfg = Debug|Any CPU
		{01254A26-CB20-4088-BBB2-667795C72C6D}.Debug|Any CPU.Build.0 = Debug|Any CPU
		{01254A26-CB20-4088-BBB2-667795C72C6D}.Release|Any CPU.ActiveCfg = Release|Any CPU
		{01254A26-CB20-4088-BBB2-667795C72C6D}.Release|Any CPU.Build.0 = Release|Any CPU
	EndGlobalSection
	GlobalSection(SolutionProperties) = preSolution
		HideSolutionNode = FALSE
	EndGlobalSection
EndGlobal
