
Microsoft Visual Studio Solution File, Format Version 10.00
# Visual Studio 2008
Project("{FAE04EC0-301F-11D3-BF4B-00C04F79EFBC}") = "FyreFrotz", "FyreFrotz\FyreFrotz.csproj", "{151B5FAE-DE73-44EC-87A7-46E26495BCA3}"
EndProject
Project("{FAE04EC0-301F-11D3-BF4B-00C04F79EFBC}") = "FyreVMSS", "..\..\fyrevmss\FyreVMSS.csproj", "{61B1E1B1-82B8-42F7-9600-F57B0F254638}"
EndProject
Global
	GlobalSection(SolutionConfigurationPlatforms) = preSolution
		Debug|Any CPU = Debug|Any CPU
		Release|Any CPU = Release|Any CPU
	EndGlobalSection
	GlobalSection(ProjectConfigurationPlatforms) = postSolution
		{151B5FAE-DE73-44EC-87A7-46E26495BCA3}.Debug|Any CPU.ActiveCfg = Debug|Any CPU
		{151B5FAE-DE73-44EC-87A7-46E26495BCA3}.Debug|Any CPU.Build.0 = Debug|Any CPU
		{151B5FAE-DE73-44EC-87A7-46E26495BCA3}.Release|Any CPU.ActiveCfg = Release|Any CPU
		{151B5FAE-DE73-44EC-87A7-46E26495BCA3}.Release|Any CPU.Build.0 = Release|Any CPU
		{61B1E1B1-82B8-42F7-9600-F57B0F254638}.Debug|Any CPU.ActiveCfg = Debug|Any CPU
		{61B1E1B1-82B8-42F7-9600-F57B0F254638}.Debug|Any CPU.Build.0 = Debug|Any CPU
		{61B1E1B1-82B8-42F7-9600-F57B0F254638}.Release|Any CPU.ActiveCfg = Release|Any CPU
		{61B1E1B1-82B8-42F7-9600-F57B0F254638}.Release|Any CPU.Build.0 = Release|Any CPU
	EndGlobalSection
	GlobalSection(SolutionProperties) = preSolution
		HideSolutionNode = FALSE
	EndGlobalSection
EndGlobal
