// !$*UTF8*$!
{
	archiveVersion = 1;
	classes = {
	};
	objectVersion = 46;
	objects = {

/* Begin PBXBuildFile section */
		1D3623260D0F684500981E51 /* TextfyreApp-iPhoneAppDelegate.m in Sources */ = {isa = PBXBuildFile; fileRef = 1D3623250D0F684500981E51 /* TextfyreApp-iPhoneAppDelegate.m */; };
		1D60589B0D05DD56006BFB54 /* TextfyreApp-iPhone main.m in Sources */ = {isa = PBXBuildFile; fileRef = 29B97316FDCFA39411CA2CEA /* TextfyreApp-iPhone main.m */; };
		1D60589F0D05DD5A006BFB54 /* Foundation.framework in Frameworks */ = {isa = PBXBuildFile; fileRef = 1D30AB110D05D00D00671497 /* Foundation.framework */; };
		1DF5F4E00D08C38300B7A737 /* UIKit.framework in Frameworks */ = {isa = PBXBuildFile; fileRef = 1DF5F4DF0D08C38300B7A737 /* UIKit.framework */; };
		288765FD0DF74451002DB57D /* CoreGraphics.framework in Frameworks */ = {isa = PBXBuildFile; fileRef = 288765FC0DF74451002DB57D /* CoreGraphics.framework */; };
		28AD733F0D9D9553002E5188 /* TextfyreApp-iPhone MainWindow.xib in Resources */ = {isa = PBXBuildFile; fileRef = 28AD733E0D9D9553002E5188 /* TextfyreApp-iPhone MainWindow.xib */; };
		4F05E9B7111E0DA600C90CB3 /* TestTFUlxImage.m in Sources */ = {isa = PBXBuildFile; fileRef = 4F05E9B6111E0DA600C90CB3 /* TestTFUlxImage.m */; };
		4F10338711448241009006DE /* TFInterpreter.m in Sources */ = {isa = PBXBuildFile; fileRef = 4F10338611448241009006DE /* TFInterpreter.m */; };
		4F10338811448241009006DE /* TFInterpreter.m in Sources */ = {isa = PBXBuildFile; fileRef = 4F10338611448241009006DE /* TFInterpreter.m */; };
		4F10338911448241009006DE /* TFInterpreter.m in Sources */ = {isa = PBXBuildFile; fileRef = 4F10338611448241009006DE /* TFInterpreter.m */; };
		4F1E0D071142ED2E004BB393 /* TFEngine_Output.m in Sources */ = {isa = PBXBuildFile; fileRef = 4F1E0D061142ED2E004BB393 /* TFEngine_Output.m */; };
		4F1E0D081142ED2E004BB393 /* TFEngine_Output.m in Sources */ = {isa = PBXBuildFile; fileRef = 4F1E0D061142ED2E004BB393 /* TFEngine_Output.m */; };
		4F1E0D091142ED2E004BB393 /* TFEngine_Output.m in Sources */ = {isa = PBXBuildFile; fileRef = 4F1E0D061142ED2E004BB393 /* TFEngine_Output.m */; };
		4F1E108711438216004BB393 /* TestTFArguments.m in Sources */ = {isa = PBXBuildFile; fileRef = 4F1E108511438216004BB393 /* TestTFArguments.m */; };
		4F1E108F11438247004BB393 /* TestTFHeapAllocator.m in Sources */ = {isa = PBXBuildFile; fileRef = 4F1E108D11438247004BB393 /* TestTFHeapAllocator.m */; };
		4F1E109F1143826F004BB393 /* TFHeapAllocator.m in Sources */ = {isa = PBXBuildFile; fileRef = 4F1E109E1143826F004BB393 /* TFHeapAllocator.m */; };
		4F1E10A01143826F004BB393 /* TFHeapAllocator.m in Sources */ = {isa = PBXBuildFile; fileRef = 4F1E109E1143826F004BB393 /* TFHeapAllocator.m */; };
		4F1E10A11143826F004BB393 /* TFHeapAllocator.m in Sources */ = {isa = PBXBuildFile; fileRef = 4F1E109E1143826F004BB393 /* TFHeapAllocator.m */; };
		4F1E10A8114382CA004BB393 /* TestTFHeapAllocator.m in Sources */ = {isa = PBXBuildFile; fileRef = 4F1E108D11438247004BB393 /* TestTFHeapAllocator.m */; };
		4F1E10A9114382CB004BB393 /* TestTFArguments.m in Sources */ = {isa = PBXBuildFile; fileRef = 4F1E108511438216004BB393 /* TestTFArguments.m */; };
		4F213AB4111E4E1100C0667D /* UIKit.framework in Frameworks */ = {isa = PBXBuildFile; fileRef = 1DF5F4DF0D08C38300B7A737 /* UIKit.framework */; };
		4F213AB5111E4E1100C0667D /* Foundation.framework in Frameworks */ = {isa = PBXBuildFile; fileRef = 1D30AB110D05D00D00671497 /* Foundation.framework */; };
		4F213AB6111E4E1100C0667D /* SenTestingKit.framework in Frameworks */ = {isa = PBXBuildFile; fileRef = 4F6B6484111E296700BABD7F /* SenTestingKit.framework */; };
		4F3E15001114E4D100007CFC /* TFUlxImage.m in Sources */ = {isa = PBXBuildFile; fileRef = 4F3E14FF1114E4D100007CFC /* TFUlxImage.m */; };
		4F44C2B1111BE776006B05D2 /* TFEngine.m in Sources */ = {isa = PBXBuildFile; fileRef = 4F44C2B0111BE776006B05D2 /* TFEngine.m */; };
		4F4D7F36114C45E000EA5308 /* TFOutputBuffer.m in Sources */ = {isa = PBXBuildFile; fileRef = 4F4D7F35114C45E000EA5308 /* TFOutputBuffer.m */; };
		4F4D7F37114C45E000EA5308 /* TFOutputBuffer.m in Sources */ = {isa = PBXBuildFile; fileRef = 4F4D7F35114C45E000EA5308 /* TFOutputBuffer.m */; };
		4F4D7F38114C45E000EA5308 /* TFOutputBuffer.m in Sources */ = {isa = PBXBuildFile; fileRef = 4F4D7F35114C45E000EA5308 /* TFOutputBuffer.m */; };
		4F50FA5E1130915B006D0738 /* Opcodes.plist in Resources */ = {isa = PBXBuildFile; fileRef = 4F50FA5D1130915B006D0738 /* Opcodes.plist */; };
		4F50FA5F1130915B006D0738 /* Opcodes.plist in Resources */ = {isa = PBXBuildFile; fileRef = 4F50FA5D1130915B006D0738 /* Opcodes.plist */; };
		4F50FA601130915B006D0738 /* Opcodes.plist in Resources */ = {isa = PBXBuildFile; fileRef = 4F50FA5D1130915B006D0738 /* Opcodes.plist */; };
		4F50FB251130DF21006D0738 /* TFOpcode.m in Sources */ = {isa = PBXBuildFile; fileRef = 4F50FB241130DF21006D0738 /* TFOpcode.m */; };
		4F50FB261130DF21006D0738 /* TFOpcode.m in Sources */ = {isa = PBXBuildFile; fileRef = 4F50FB241130DF21006D0738 /* TFOpcode.m */; };
		4F50FB271130DF21006D0738 /* TFOpcode.m in Sources */ = {isa = PBXBuildFile; fileRef = 4F50FB241130DF21006D0738 /* TFOpcode.m */; };
		4F50FBC9113106B1006D0738 /* TestTFOpcode.m in Sources */ = {isa = PBXBuildFile; fileRef = 4F50FBC8113106B1006D0738 /* TestTFOpcode.m */; };
		4F50FBCE113106EF006D0738 /* TestTFOpcode.m in Sources */ = {isa = PBXBuildFile; fileRef = 4F50FBC8113106B1006D0738 /* TestTFOpcode.m */; };
		4F50FCE2113115C3006D0738 /* TestTFEngine.m in Sources */ = {isa = PBXBuildFile; fileRef = 4F50FCE1113115C3006D0738 /* TestTFEngine.m */; };
		4F50FCE4113115D9006D0738 /* TestTFEngine.m in Sources */ = {isa = PBXBuildFile; fileRef = 4F50FCE1113115C3006D0738 /* TestTFEngine.m */; };
		4F571F221140E3B500C490F4 /* TFArguments.m in Sources */ = {isa = PBXBuildFile; fileRef = 4F571F211140E3B500C490F4 /* TFArguments.m */; };
		4F571F231140E3B500C490F4 /* TFArguments.m in Sources */ = {isa = PBXBuildFile; fileRef = 4F571F211140E3B500C490F4 /* TFArguments.m */; };
		4F571F241140E3B500C490F4 /* TFArguments.m in Sources */ = {isa = PBXBuildFile; fileRef = 4F571F211140E3B500C490F4 /* TFArguments.m */; };
		4F6B6498111E297800BABD7F /* SenTestingKit.framework in Frameworks */ = {isa = PBXBuildFile; fileRef = 4F6B6484111E296700BABD7F /* SenTestingKit.framework */; };
		4F6B64FB111E2B0300BABD7F /* TFUlxImage.m in Sources */ = {isa = PBXBuildFile; fileRef = 4F3E14FF1114E4D100007CFC /* TFUlxImage.m */; };
		4F6B64FD111E2B0300BABD7F /* TFEngine.m in Sources */ = {isa = PBXBuildFile; fileRef = 4F44C2B0111BE776006B05D2 /* TFEngine.m */; };
		4F6B64FE111E2B0300BABD7F /* TestTFUlxImage.m in Sources */ = {isa = PBXBuildFile; fileRef = 4F05E9B6111E0DA600C90CB3 /* TestTFUlxImage.m */; };
		4F6B6504111E2B4C00BABD7F /* sh-v1.2e.ulx in Resources */ = {isa = PBXBuildFile; fileRef = 4F6B6501111E2B4C00BABD7F /* sh-v1.2e.ulx */; };
		4F6B6505111E2B4C00BABD7F /* sh-v1.0de.ulx in Resources */ = {isa = PBXBuildFile; fileRef = 4F6B6502111E2B4C00BABD7F /* sh-v1.0de.ulx */; };
		4F6B6506111E2B4C00BABD7F /* sh-v1.0e.ulx in Resources */ = {isa = PBXBuildFile; fileRef = 4F6B6503111E2B4C00BABD7F /* sh-v1.0e.ulx */; };
		4F6B6507111E2B4C00BABD7F /* sh-v1.2e.ulx in Resources */ = {isa = PBXBuildFile; fileRef = 4F6B6501111E2B4C00BABD7F /* sh-v1.2e.ulx */; };
		4F6B6508111E2B4C00BABD7F /* sh-v1.0de.ulx in Resources */ = {isa = PBXBuildFile; fileRef = 4F6B6502111E2B4C00BABD7F /* sh-v1.0de.ulx */; };
		4F6B6509111E2B4C00BABD7F /* sh-v1.0e.ulx in Resources */ = {isa = PBXBuildFile; fileRef = 4F6B6503111E2B4C00BABD7F /* sh-v1.0e.ulx */; };
		4F6B6527111E2FA100BABD7F /* TextfyreApp-iPhone MainWindow.xib in Resources */ = {isa = PBXBuildFile; fileRef = 28AD733E0D9D9553002E5188 /* TextfyreApp-iPhone MainWindow.xib */; };
		4F6B6529111E2FA100BABD7F /* TextfyreApp-iPhone main.m in Sources */ = {isa = PBXBuildFile; fileRef = 29B97316FDCFA39411CA2CEA /* TextfyreApp-iPhone main.m */; };
		4F6B652A111E2FA100BABD7F /* TextfyreApp-iPhoneAppDelegate.m in Sources */ = {isa = PBXBuildFile; fileRef = 1D3623250D0F684500981E51 /* TextfyreApp-iPhoneAppDelegate.m */; };
		4F6B652B111E2FA100BABD7F /* TFUlxImage.m in Sources */ = {isa = PBXBuildFile; fileRef = 4F3E14FF1114E4D100007CFC /* TFUlxImage.m */; };
		4F6B652D111E2FA100BABD7F /* TFEngine.m in Sources */ = {isa = PBXBuildFile; fileRef = 4F44C2B0111BE776006B05D2 /* TFEngine.m */; };
		4F6B652F111E2FA100BABD7F /* Foundation.framework in Frameworks */ = {isa = PBXBuildFile; fileRef = 1D30AB110D05D00D00671497 /* Foundation.framework */; };
		4F6B6530111E2FA100BABD7F /* UIKit.framework in Frameworks */ = {isa = PBXBuildFile; fileRef = 1DF5F4DF0D08C38300B7A737 /* UIKit.framework */; };
		4F6B6531111E2FA100BABD7F /* CoreGraphics.framework in Frameworks */ = {isa = PBXBuildFile; fileRef = 288765FC0DF74451002DB57D /* CoreGraphics.framework */; };
		4F6B65B5111E300800BABD7F /* ApplicationTests.octest in Resources */ = {isa = PBXBuildFile; fileRef = 4F05E9AC111E0CA400C90CB3 /* ApplicationTests.octest */; };
		4F90A0B61198D2EC00307D72 /* TFOutputFilterTags.m in Sources */ = {isa = PBXBuildFile; fileRef = 4F90A0B31198D2EC00307D72 /* TFOutputFilterTags.m */; };
		4F90A0B71198D2EC00307D72 /* TFQuetzal.m in Sources */ = {isa = PBXBuildFile; fileRef = 4F90A0B51198D2EC00307D72 /* TFQuetzal.m */; };
		4F90A0B81198D2EC00307D72 /* TFOutputFilterTags.m in Sources */ = {isa = PBXBuildFile; fileRef = 4F90A0B31198D2EC00307D72 /* TFOutputFilterTags.m */; };
		4F90A0B91198D2EC00307D72 /* TFQuetzal.m in Sources */ = {isa = PBXBuildFile; fileRef = 4F90A0B51198D2EC00307D72 /* TFQuetzal.m */; };
		4F90A0BA1198D2EC00307D72 /* TFOutputFilterTags.m in Sources */ = {isa = PBXBuildFile; fileRef = 4F90A0B31198D2EC00307D72 /* TFOutputFilterTags.m */; };
		4F90A0BB1198D2EC00307D72 /* TFQuetzal.m in Sources */ = {isa = PBXBuildFile; fileRef = 4F90A0B51198D2EC00307D72 /* TFQuetzal.m */; };
		4F9DEFF7111E28ED00FDB6AD /* Foundation.framework in Frameworks */ = {isa = PBXBuildFile; fileRef = 1D30AB110D05D00D00671497 /* Foundation.framework */; };
		4F9DEFF8111E28ED00FDB6AD /* UIKit.framework in Frameworks */ = {isa = PBXBuildFile; fileRef = 1DF5F4DF0D08C38300B7A737 /* UIKit.framework */; };
		4FA24392114B6FAB008469AC /* TFStrNode.m in Sources */ = {isa = PBXBuildFile; fileRef = 4FA24391114B6FAB008469AC /* TFStrNode.m */; };
		4FA24393114B6FAB008469AC /* TFStrNode.m in Sources */ = {isa = PBXBuildFile; fileRef = 4FA24391114B6FAB008469AC /* TFStrNode.m */; };
		4FA24394114B6FAB008469AC /* TFStrNode.m in Sources */ = {isa = PBXBuildFile; fileRef = 4FA24391114B6FAB008469AC /* TFStrNode.m */; };
		4FB06778119CB483003BABCA /* TestTFQuetzal.m in Sources */ = {isa = PBXBuildFile; fileRef = 4FB06777119CB483003BABCA /* TestTFQuetzal.m */; };
		4FB06796119CB4A0003BABCA /* TestTFQuetzal.m in Sources */ = {isa = PBXBuildFile; fileRef = 4FB06777119CB483003BABCA /* TestTFQuetzal.m */; };
		4FB17B851139D43B009491D3 /* TFVeneer.m in Sources */ = {isa = PBXBuildFile; fileRef = 4FB17B841139D43B009491D3 /* TFVeneer.m */; };
		4FB17B861139D43B009491D3 /* TFVeneer.m in Sources */ = {isa = PBXBuildFile; fileRef = 4FB17B841139D43B009491D3 /* TFVeneer.m */; };
		4FB17B871139D43B009491D3 /* TFVeneer.m in Sources */ = {isa = PBXBuildFile; fileRef = 4FB17B841139D43B009491D3 /* TFVeneer.m */; };
		4FFE4BEF111F960800467156 /* TFEngine_Opcodes.m in Sources */ = {isa = PBXBuildFile; fileRef = 4FFE4BEE111F960800467156 /* TFEngine_Opcodes.m */; };
		4FFE4BF0111F960800467156 /* TFEngine_Opcodes.m in Sources */ = {isa = PBXBuildFile; fileRef = 4FFE4BEE111F960800467156 /* TFEngine_Opcodes.m */; };
		4FFE4BF1111F960800467156 /* TFEngine_Opcodes.m in Sources */ = {isa = PBXBuildFile; fileRef = 4FFE4BEE111F960800467156 /* TFEngine_Opcodes.m */; };
/* End PBXBuildFile section */

/* Begin PBXContainerItemProxy section */
		4F6B6560111E2FFE00BABD7F /* PBXContainerItemProxy */ = {
			isa = PBXContainerItemProxy;
			containerPortal = 29B97313FDCFA39411CA2CEA /* Project object */;
			proxyType = 1;
			remoteGlobalIDString = 4F05E9AB111E0CA400C90CB3;
			remoteInfo = ApplicationTests;
		};
		4FDFB002111E8BCE00284945 /* PBXContainerItemProxy */ = {
			isa = PBXContainerItemProxy;
			containerPortal = 29B97313FDCFA39411CA2CEA /* Project object */;
			proxyType = 1;
			remoteGlobalIDString = 1D6058900D05DD3D006BFB54;
			remoteInfo = "fyrep-cocoatouch";
		};
/* End PBXContainerItemProxy section */

/* Begin PBXFileReference section */
		1D30AB110D05D00D00671497 /* Foundation.framework */ = {isa = PBXFileReference; lastKnownFileType = wrapper.framework; name = Foundation.framework; path = System/Library/Frameworks/Foundation.framework; sourceTree = SDKROOT; };
		1D3623240D0F684500981E51 /* TextfyreApp-iPhoneAppDelegate.h */ = {isa = PBXFileReference; fileEncoding = 4; lastKnownFileType = sourcecode.c.h; path = "TextfyreApp-iPhoneAppDelegate.h"; sourceTree = "<group>"; };
		1D3623250D0F684500981E51 /* TextfyreApp-iPhoneAppDelegate.m */ = {isa = PBXFileReference; fileEncoding = 4; lastKnownFileType = sourcecode.c.objc; path = "TextfyreApp-iPhoneAppDelegate.m"; sourceTree = "<group>"; };
		1D6058910D05DD3D006BFB54 /* fyrep-cocoatouch.app */ = {isa = PBXFileReference; explicitFileType = wrapper.application; includeInIndex = 0; path = "fyrep-cocoatouch.app"; sourceTree = BUILT_PRODUCTS_DIR; };
		1DF5F4DF0D08C38300B7A737 /* UIKit.framework */ = {isa = PBXFileReference; lastKnownFileType = wrapper.framework; name = UIKit.framework; path = System/Library/Frameworks/UIKit.framework; sourceTree = SDKROOT; };
		288765FC0DF74451002DB57D /* CoreGraphics.framework */ = {isa = PBXFileReference; lastKnownFileType = wrapper.framework; name = CoreGraphics.framework; path = System/Library/Frameworks/CoreGraphics.framework; sourceTree = SDKROOT; };
		28AD733E0D9D9553002E5188 /* TextfyreApp-iPhone MainWindow.xib */ = {isa = PBXFileReference; lastKnownFileType = file.xib; path = "TextfyreApp-iPhone MainWindow.xib"; sourceTree = "<group>"; };
		29B97316FDCFA39411CA2CEA /* TextfyreApp-iPhone main.m */ = {isa = PBXFileReference; fileEncoding = 4; lastKnownFileType = sourcecode.c.objc; path = "TextfyreApp-iPhone main.m"; sourceTree = "<group>"; };
		32CA4F630368D1EE00C91783 /* TextfyreApp-iPhone_Prefix.pch */ = {isa = PBXFileReference; fileEncoding = 4; lastKnownFileType = sourcecode.c.h; path = "TextfyreApp-iPhone_Prefix.pch"; sourceTree = "<group>"; };
		4F05E9AC111E0CA400C90CB3 /* ApplicationTests.octest */ = {isa = PBXFileReference; explicitFileType = wrapper.cfbundle; includeInIndex = 0; path = ApplicationTests.octest; sourceTree = BUILT_PRODUCTS_DIR; };
		4F05E9AD111E0CA400C90CB3 /* TextfyreApp-iPhone-ApplicationTests-Info.plist */ = {isa = PBXFileReference; lastKnownFileType = text.plist.xml; path = "TextfyreApp-iPhone-ApplicationTests-Info.plist"; sourceTree = "<group>"; };
		4F05E9B5111E0DA600C90CB3 /* TestTFUlxImage.h */ = {isa = PBXFileReference; fileEncoding = 4; lastKnownFileType = sourcecode.c.h; path = TestTFUlxImage.h; sourceTree = "<group>"; };
		4F05E9B6111E0DA600C90CB3 /* TestTFUlxImage.m */ = {isa = PBXFileReference; fileEncoding = 4; lastKnownFileType = sourcecode.c.objc; path = TestTFUlxImage.m; sourceTree = "<group>"; };
		4F10338511448241009006DE /* TFInterpreter.h */ = {isa = PBXFileReference; fileEncoding = 4; lastKnownFileType = sourcecode.c.h; path = TFInterpreter.h; sourceTree = "<group>"; };
		4F10338611448241009006DE /* TFInterpreter.m */ = {isa = PBXFileReference; fileEncoding = 4; lastKnownFileType = sourcecode.c.objc; path = TFInterpreter.m; sourceTree = "<group>"; };
		4F1E0D051142ED2E004BB393 /* TFEngine_Output.h */ = {isa = PBXFileReference; fileEncoding = 4; lastKnownFileType = sourcecode.c.h; path = TFEngine_Output.h; sourceTree = "<group>"; };
		4F1E0D061142ED2E004BB393 /* TFEngine_Output.m */ = {isa = PBXFileReference; fileEncoding = 4; lastKnownFileType = sourcecode.c.objc; path = TFEngine_Output.m; sourceTree = "<group>"; };
		4F1E108411438216004BB393 /* TestTFArguments.h */ = {isa = PBXFileReference; fileEncoding = 4; lastKnownFileType = sourcecode.c.h; path = TestTFArguments.h; sourceTree = "<group>"; };
		4F1E108511438216004BB393 /* TestTFArguments.m */ = {isa = PBXFileReference; fileEncoding = 4; lastKnownFileType = sourcecode.c.objc; path = TestTFArguments.m; sourceTree = "<group>"; };
		4F1E108C11438247004BB393 /* TestTFHeapAllocator.h */ = {isa = PBXFileReference; fileEncoding = 4; lastKnownFileType = sourcecode.c.h; path = TestTFHeapAllocator.h; sourceTree = "<group>"; };
		4F1E108D11438247004BB393 /* TestTFHeapAllocator.m */ = {isa = PBXFileReference; fileEncoding = 4; lastKnownFileType = sourcecode.c.objc; path = TestTFHeapAllocator.m; sourceTree = "<group>"; };
		4F1E109D1143826F004BB393 /* TFHeapAllocator.h */ = {isa = PBXFileReference; fileEncoding = 4; lastKnownFileType = sourcecode.c.h; path = TFHeapAllocator.h; sourceTree = "<group>"; };
		4F1E109E1143826F004BB393 /* TFHeapAllocator.m */ = {isa = PBXFileReference; fileEncoding = 4; lastKnownFileType = sourcecode.c.objc; path = TFHeapAllocator.m; sourceTree = "<group>"; };
		4F3E14FE1114E4D100007CFC /* TFUlxImage.h */ = {isa = PBXFileReference; fileEncoding = 4; lastKnownFileType = sourcecode.c.h; path = TFUlxImage.h; sourceTree = "<group>"; };
		4F3E14FF1114E4D100007CFC /* TFUlxImage.m */ = {isa = PBXFileReference; fileEncoding = 4; lastKnownFileType = sourcecode.c.objc; path = TFUlxImage.m; sourceTree = "<group>"; };
		4F44C2AF111BE776006B05D2 /* TFEngine.h */ = {isa = PBXFileReference; fileEncoding = 4; lastKnownFileType = sourcecode.c.h; path = TFEngine.h; sourceTree = "<group>"; };
		4F44C2B0111BE776006B05D2 /* TFEngine.m */ = {isa = PBXFileReference; fileEncoding = 4; lastKnownFileType = sourcecode.c.objc; path = TFEngine.m; sourceTree = "<group>"; };
		4F4D7F34114C45E000EA5308 /* TFOutputBuffer.h */ = {isa = PBXFileReference; fileEncoding = 4; lastKnownFileType = sourcecode.c.h; path = TFOutputBuffer.h; sourceTree = "<group>"; };
		4F4D7F35114C45E000EA5308 /* TFOutputBuffer.m */ = {isa = PBXFileReference; fileEncoding = 4; lastKnownFileType = sourcecode.c.objc; path = TFOutputBuffer.m; sourceTree = "<group>"; };
		4F50FA5D1130915B006D0738 /* Opcodes.plist */ = {isa = PBXFileReference; fileEncoding = 4; lastKnownFileType = text.plist.xml; path = Opcodes.plist; sourceTree = "<group>"; };
		4F50FB071130B38A006D0738 /* Opcodes README.rtf */ = {isa = PBXFileReference; lastKnownFileType = text.rtf; path = "Opcodes README.rtf"; sourceTree = "<group>"; };
		4F50FB231130DF21006D0738 /* TFOpcode.h */ = {isa = PBXFileReference; fileEncoding = 4; lastKnownFileType = sourcecode.c.h; path = TFOpcode.h; sourceTree = "<group>"; };
		4F50FB241130DF21006D0738 /* TFOpcode.m */ = {isa = PBXFileReference; fileEncoding = 4; lastKnownFileType = sourcecode.c.objc; path = TFOpcode.m; sourceTree = "<group>"; };
		4F50FBC7113106B1006D0738 /* TestTFOpcode.h */ = {isa = PBXFileReference; fileEncoding = 4; lastKnownFileType = sourcecode.c.h; path = TestTFOpcode.h; sourceTree = "<group>"; };
		4F50FBC8113106B1006D0738 /* TestTFOpcode.m */ = {isa = PBXFileReference; fileEncoding = 4; lastKnownFileType = sourcecode.c.objc; path = TestTFOpcode.m; sourceTree = "<group>"; };
		4F50FCE0113115C3006D0738 /* TestTFEngine.h */ = {isa = PBXFileReference; fileEncoding = 4; lastKnownFileType = sourcecode.c.h; path = TestTFEngine.h; sourceTree = "<group>"; };
		4F50FCE1113115C3006D0738 /* TestTFEngine.m */ = {isa = PBXFileReference; fileEncoding = 4; lastKnownFileType = sourcecode.c.objc; path = TestTFEngine.m; sourceTree = "<group>"; };
		4F571F201140E3B500C490F4 /* TFArguments.h */ = {isa = PBXFileReference; fileEncoding = 4; lastKnownFileType = sourcecode.c.h; path = TFArguments.h; sourceTree = "<group>"; };
		4F571F211140E3B500C490F4 /* TFArguments.m */ = {isa = PBXFileReference; fileEncoding = 4; lastKnownFileType = sourcecode.c.objc; path = TFArguments.m; sourceTree = "<group>"; };
		4F6B6484111E296700BABD7F /* SenTestingKit.framework */ = {isa = PBXFileReference; lastKnownFileType = wrapper.framework; name = SenTestingKit.framework; path = Developer/Library/Frameworks/SenTestingKit.framework; sourceTree = SDKROOT; };
		4F6B6501111E2B4C00BABD7F /* sh-v1.2e.ulx */ = {isa = PBXFileReference; lastKnownFileType = file; name = "sh-v1.2e.ulx"; path = "../../../winforms/Shadow/ShadowClient/ShadowRelease/sh-v1.2e.ulx"; sourceTree = SOURCE_ROOT; };
		4F6B6502111E2B4C00BABD7F /* sh-v1.0de.ulx */ = {isa = PBXFileReference; lastKnownFileType = file; name = "sh-v1.0de.ulx"; path = "../../../winforms/Shadow/ShadowClient/ShadowClient/GameFiles/sh-v1.0de.ulx"; sourceTree = SOURCE_ROOT; };
		4F6B6503111E2B4C00BABD7F /* sh-v1.0e.ulx */ = {isa = PBXFileReference; lastKnownFileType = file; name = "sh-v1.0e.ulx"; path = "../../../winforms/Shadow/ShadowClient/ShadowClient/GameFiles/sh-v1.0e.ulx"; sourceTree = SOURCE_ROOT; };
		4F6B6535111E2FA100BABD7F /* fyrep-cocoatouchTesting.app */ = {isa = PBXFileReference; explicitFileType = wrapper.application; includeInIndex = 0; path = "fyrep-cocoatouchTesting.app"; sourceTree = BUILT_PRODUCTS_DIR; };
		4F90A0B21198D2EC00307D72 /* TFOutputFilterTags.h */ = {isa = PBXFileReference; fileEncoding = 4; lastKnownFileType = sourcecode.c.h; path = TFOutputFilterTags.h; sourceTree = "<group>"; };
		4F90A0B31198D2EC00307D72 /* TFOutputFilterTags.m */ = {isa = PBXFileReference; fileEncoding = 4; lastKnownFileType = sourcecode.c.objc; path = TFOutputFilterTags.m; sourceTree = "<group>"; };
		4F90A0B41198D2EC00307D72 /* TFQuetzal.h */ = {isa = PBXFileReference; fileEncoding = 4; lastKnownFileType = sourcecode.c.h; path = TFQuetzal.h; sourceTree = "<group>"; };
		4F90A0B51198D2EC00307D72 /* TFQuetzal.m */ = {isa = PBXFileReference; fileEncoding = 4; lastKnownFileType = sourcecode.c.objc; path = TFQuetzal.m; sourceTree = "<group>"; };
		4F9DEF57111E287B00FDB6AD /* LogicTests.octest */ = {isa = PBXFileReference; explicitFileType = wrapper.cfbundle; includeInIndex = 0; path = LogicTests.octest; sourceTree = BUILT_PRODUCTS_DIR; };
		4F9DEF58111E287B00FDB6AD /* TextfyreApp-iPhone-LogicTests-Info.plist */ = {isa = PBXFileReference; lastKnownFileType = text.plist.xml; path = "TextfyreApp-iPhone-LogicTests-Info.plist"; sourceTree = "<group>"; };
		4FA24390114B6FAB008469AC /* TFStrNode.h */ = {isa = PBXFileReference; fileEncoding = 4; lastKnownFileType = sourcecode.c.h; path = TFStrNode.h; sourceTree = "<group>"; };
		4FA24391114B6FAB008469AC /* TFStrNode.m */ = {isa = PBXFileReference; fileEncoding = 4; lastKnownFileType = sourcecode.c.objc; path = TFStrNode.m; sourceTree = "<group>"; };
		4FB06776119CB483003BABCA /* TestTFQuetzal.h */ = {isa = PBXFileReference; fileEncoding = 4; lastKnownFileType = sourcecode.c.h; path = TestTFQuetzal.h; sourceTree = "<group>"; };
		4FB06777119CB483003BABCA /* TestTFQuetzal.m */ = {isa = PBXFileReference; fileEncoding = 4; lastKnownFileType = sourcecode.c.objc; path = TestTFQuetzal.m; sourceTree = "<group>"; };
		4FB06919119CC8C1003BABCA /* Quetzal Invalid Files */ = {isa = PBXFileReference; lastKnownFileType = folder; path = "Quetzal Invalid Files"; sourceTree = "<group>"; };
		4FB0691B119CC8C1003BABCA /* Quetzal Valid Files */ = {isa = PBXFileReference; lastKnownFileType = folder; path = "Quetzal Valid Files"; sourceTree = "<group>"; };
		4FB17B831139D43B009491D3 /* TFVeneer.h */ = {isa = PBXFileReference; fileEncoding = 4; lastKnownFileType = sourcecode.c.h; path = TFVeneer.h; sourceTree = "<group>"; };
		4FB17B841139D43B009491D3 /* TFVeneer.m */ = {isa = PBXFileReference; fileEncoding = 4; lastKnownFileType = sourcecode.c.objc; path = TFVeneer.m; sourceTree = "<group>"; };
		4FCCBE73111521A40001000B /* GlulxConstants.h */ = {isa = PBXFileReference; fileEncoding = 4; lastKnownFileType = sourcecode.c.h; path = GlulxConstants.h; sourceTree = "<group>"; };
		4FFE4BED111F960800467156 /* TFEngine_Opcodes.h */ = {isa = PBXFileReference; fileEncoding = 4; lastKnownFileType = sourcecode.c.h; path = TFEngine_Opcodes.h; sourceTree = "<group>"; };
		4FFE4BEE111F960800467156 /* TFEngine_Opcodes.m */ = {isa = PBXFileReference; fileEncoding = 4; lastKnownFileType = sourcecode.c.objc; path = TFEngine_Opcodes.m; sourceTree = "<group>"; };
		8D1107310486CEB800E47090 /* TextfyreApp-iPhone-Info.plist */ = {isa = PBXFileReference; fileEncoding = 4; lastKnownFileType = text.plist.xml; path = "TextfyreApp-iPhone-Info.plist"; plistStructureDefinitionIdentifier = "com.apple.xcode.plist.structure-definition.iphone.info-plist"; sourceTree = "<group>"; };
/* End PBXFileReference section */

/* Begin PBXFrameworksBuildPhase section */
		1D60588F0D05DD3D006BFB54 /* Frameworks */ = {
			isa = PBXFrameworksBuildPhase;
			buildActionMask = 2147483647;
			files = (
				1D60589F0D05DD5A006BFB54 /* Foundation.framework in Frameworks */,
				1DF5F4E00D08C38300B7A737 /* UIKit.framework in Frameworks */,
				288765FD0DF74451002DB57D /* CoreGraphics.framework in Frameworks */,
			);
			runOnlyForDeploymentPostprocessing = 0;
		};
		4F05E9A9111E0CA400C90CB3 /* Frameworks */ = {
			isa = PBXFrameworksBuildPhase;
			buildActionMask = 2147483647;
			files = (
				4F213AB4111E4E1100C0667D /* UIKit.framework in Frameworks */,
				4F213AB5111E4E1100C0667D /* Foundation.framework in Frameworks */,
				4F213AB6111E4E1100C0667D /* SenTestingKit.framework in Frameworks */,
			);
			runOnlyForDeploymentPostprocessing = 0;
		};
		4F6B652E111E2FA100BABD7F /* Frameworks */ = {
			isa = PBXFrameworksBuildPhase;
			buildActionMask = 2147483647;
			files = (
				4F6B652F111E2FA100BABD7F /* Foundation.framework in Frameworks */,
				4F6B6530111E2FA100BABD7F /* UIKit.framework in Frameworks */,
				4F6B6531111E2FA100BABD7F /* CoreGraphics.framework in Frameworks */,
			);
			runOnlyForDeploymentPostprocessing = 0;
		};
		4F9DEF54111E287B00FDB6AD /* Frameworks */ = {
			isa = PBXFrameworksBuildPhase;
			buildActionMask = 2147483647;
			files = (
				4F9DEFF7111E28ED00FDB6AD /* Foundation.framework in Frameworks */,
				4F9DEFF8111E28ED00FDB6AD /* UIKit.framework in Frameworks */,
				4F6B6498111E297800BABD7F /* SenTestingKit.framework in Frameworks */,
			);
			runOnlyForDeploymentPostprocessing = 0;
		};
/* End PBXFrameworksBuildPhase section */

/* Begin PBXGroup section */
		080E96DDFE201D6D7F000001 /* Classes */ = {
			isa = PBXGroup;
			children = (
				1D3623240D0F684500981E51 /* TextfyreApp-iPhoneAppDelegate.h */,
				1D3623250D0F684500981E51 /* TextfyreApp-iPhoneAppDelegate.m */,
			);
			path = Classes;
			sourceTree = "<group>";
		};
		19C28FACFE9D520D11CA2CBB /* Products */ = {
			isa = PBXGroup;
			children = (
				1D6058910D05DD3D006BFB54 /* fyrep-cocoatouch.app */,
				4F05E9AC111E0CA400C90CB3 /* ApplicationTests.octest */,
				4F9DEF57111E287B00FDB6AD /* LogicTests.octest */,
				4F6B6535111E2FA100BABD7F /* fyrep-cocoatouchTesting.app */,
			);
			name = Products;
			sourceTree = "<group>";
		};
		29B97314FDCFA39411CA2CEA /* CustomTemplate */ = {
			isa = PBXGroup;
			children = (
				4F3E14FD1114E4D100007CFC /* TextfyreVM-Foundation */,
				080E96DDFE201D6D7F000001 /* Classes */,
				29B97315FDCFA39411CA2CEA /* Other Sources */,
				29B97317FDCFA39411CA2CEA /* Resources */,
				4F9DEF5E111E289000FDB6AD /* LogicTests */,
				4F05E9B9111E0DB600C90CB3 /* ApplicationTests */,
				29B97323FDCFA39411CA2CEA /* Frameworks */,
				19C28FACFE9D520D11CA2CBB /* Products */,
			);
			name = CustomTemplate;
			sourceTree = "<group>";
		};
		29B97315FDCFA39411CA2CEA /* Other Sources */ = {
			isa = PBXGroup;
			children = (
				32CA4F630368D1EE00C91783 /* TextfyreApp-iPhone_Prefix.pch */,
				29B97316FDCFA39411CA2CEA /* TextfyreApp-iPhone main.m */,
			);
			name = "Other Sources";
			sourceTree = "<group>";
		};
		29B97317FDCFA39411CA2CEA /* Resources */ = {
			isa = PBXGroup;
			children = (
				28AD733E0D9D9553002E5188 /* TextfyreApp-iPhone MainWindow.xib */,
				8D1107310486CEB800E47090 /* TextfyreApp-iPhone-Info.plist */,
			);
			name = Resources;
			sourceTree = "<group>";
		};
		29B97323FDCFA39411CA2CEA /* Frameworks */ = {
			isa = PBXGroup;
			children = (
				1DF5F4DF0D08C38300B7A737 /* UIKit.framework */,
				1D30AB110D05D00D00671497 /* Foundation.framework */,
				288765FC0DF74451002DB57D /* CoreGraphics.framework */,
				4F6B6484111E296700BABD7F /* SenTestingKit.framework */,
			);
			name = Frameworks;
			sourceTree = "<group>";
		};
		4F05E9B4111E0D8C00C90CB3 /* UnitTests */ = {
			isa = PBXGroup;
			children = (
				4F1E108411438216004BB393 /* TestTFArguments.h */,
				4F1E108511438216004BB393 /* TestTFArguments.m */,
				4F50FCE0113115C3006D0738 /* TestTFEngine.h */,
				4F50FCE1113115C3006D0738 /* TestTFEngine.m */,
				4F1E108C11438247004BB393 /* TestTFHeapAllocator.h */,
				4F1E108D11438247004BB393 /* TestTFHeapAllocator.m */,
				4F50FBC7113106B1006D0738 /* TestTFOpcode.h */,
				4F50FBC8113106B1006D0738 /* TestTFOpcode.m */,
				4FB06776119CB483003BABCA /* TestTFQuetzal.h */,
				4FB06777119CB483003BABCA /* TestTFQuetzal.m */,
				4F05E9B5111E0DA600C90CB3 /* TestTFUlxImage.h */,
				4F05E9B6111E0DA600C90CB3 /* TestTFUlxImage.m */,
				4F6B64FF111E2B2100BABD7F /* Resources */,
			);
			path = UnitTests;
			sourceTree = "<group>";
		};
		4F05E9B9111E0DB600C90CB3 /* ApplicationTests */ = {
			isa = PBXGroup;
			children = (
				4F05E9AD111E0CA400C90CB3 /* TextfyreApp-iPhone-ApplicationTests-Info.plist */,
			);
			path = ApplicationTests;
			sourceTree = "<group>";
		};
		4F3E14FD1114E4D100007CFC /* TextfyreVM-Foundation */ = {
			isa = PBXGroup;
			children = (
				4FCCBE73111521A40001000B /* GlulxConstants.h */,
				4F571F201140E3B500C490F4 /* TFArguments.h */,
				4F571F211140E3B500C490F4 /* TFArguments.m */,
				4F44C2AF111BE776006B05D2 /* TFEngine.h */,
				4F44C2B0111BE776006B05D2 /* TFEngine.m */,
				4FFE4BED111F960800467156 /* TFEngine_Opcodes.h */,
				4FFE4BEE111F960800467156 /* TFEngine_Opcodes.m */,
				4F1E0D051142ED2E004BB393 /* TFEngine_Output.h */,
				4F1E0D061142ED2E004BB393 /* TFEngine_Output.m */,
				4F1E109D1143826F004BB393 /* TFHeapAllocator.h */,
				4F1E109E1143826F004BB393 /* TFHeapAllocator.m */,
				4F10338511448241009006DE /* TFInterpreter.h */,
				4F10338611448241009006DE /* TFInterpreter.m */,
				4F50FB231130DF21006D0738 /* TFOpcode.h */,
				4F50FB241130DF21006D0738 /* TFOpcode.m */,
				4F50FB071130B38A006D0738 /* Opcodes README.rtf */,
				4F50FA5D1130915B006D0738 /* Opcodes.plist */,
				4F4D7F34114C45E000EA5308 /* TFOutputBuffer.h */,
				4F4D7F35114C45E000EA5308 /* TFOutputBuffer.m */,
				4F90A0B21198D2EC00307D72 /* TFOutputFilterTags.h */,
				4F90A0B31198D2EC00307D72 /* TFOutputFilterTags.m */,
				4F90A0B41198D2EC00307D72 /* TFQuetzal.h */,
				4F90A0B51198D2EC00307D72 /* TFQuetzal.m */,
				4FA24390114B6FAB008469AC /* TFStrNode.h */,
				4FA24391114B6FAB008469AC /* TFStrNode.m */,
				4F3E14FE1114E4D100007CFC /* TFUlxImage.h */,
				4F3E14FF1114E4D100007CFC /* TFUlxImage.m */,
				4FB17B831139D43B009491D3 /* TFVeneer.h */,
				4FB17B841139D43B009491D3 /* TFVeneer.m */,
				4F05E9B4111E0D8C00C90CB3 /* UnitTests */,
			);
			name = "TextfyreVM-Foundation";
			path = "../../Shared/TextfyreVM-Foundation";
			sourceTree = SOURCE_ROOT;
		};
		4F6B64FF111E2B2100BABD7F /* Resources */ = {
			isa = PBXGroup;
			children = (
				4F6B6501111E2B4C00BABD7F /* sh-v1.2e.ulx */,
				4F6B6502111E2B4C00BABD7F /* sh-v1.0de.ulx */,
				4F6B6503111E2B4C00BABD7F /* sh-v1.0e.ulx */,
				4FB0691B119CC8C1003BABCA /* Quetzal Valid Files */,
				4FB06919119CC8C1003BABCA /* Quetzal Invalid Files */,
			);
			name = Resources;
			sourceTree = "<group>";
		};
		4F9DEF5E111E289000FDB6AD /* LogicTests */ = {
			isa = PBXGroup;
			children = (
				4F9DEF58111E287B00FDB6AD /* TextfyreApp-iPhone-LogicTests-Info.plist */,
			);
			path = LogicTests;
			sourceTree = "<group>";
		};
/* End PBXGroup section */

/* Begin PBXNativeTarget section */
		1D6058900D05DD3D006BFB54 /* fyrep-cocoatouch */ = {
			isa = PBXNativeTarget;
			buildConfigurationList = 1D6058960D05DD3E006BFB54 /* Build configuration list for PBXNativeTarget "fyrep-cocoatouch" */;
			buildPhases = (
				1D60588D0D05DD3D006BFB54 /* Resources */,
				1D60588E0D05DD3D006BFB54 /* Sources */,
				1D60588F0D05DD3D006BFB54 /* Frameworks */,
			);
			buildRules = (
			);
			dependencies = (
			);
			name = "fyrep-cocoatouch";
			productName = "fyrep-cocoatouch";
			productReference = 1D6058910D05DD3D006BFB54 /* fyrep-cocoatouch.app */;
			productType = "com.apple.product-type.application";
		};
		4F05E9AB111E0CA400C90CB3 /* ApplicationTests */ = {
			isa = PBXNativeTarget;
			buildConfigurationList = 4F05E9B0111E0CA500C90CB3 /* Build configuration list for PBXNativeTarget "ApplicationTests" */;
			buildPhases = (
				4F05E9A7111E0CA400C90CB3 /* Resources */,
				4F05E9A8111E0CA400C90CB3 /* Sources */,
				4F05E9A9111E0CA400C90CB3 /* Frameworks */,
				4FB068CE119CC5FA003BABCA /* Copy Quetzal Files */,
				4F05E9AA111E0CA400C90CB3 /* Run Unit Tests */,
			);
			buildRules = (
			);
			dependencies = (
				4FDFB003111E8BCE00284945 /* PBXTargetDependency */,
			);
			name = ApplicationTests;
			productName = ApplicationTests;
			productReference = 4F05E9AC111E0CA400C90CB3 /* ApplicationTests.octest */;
			productType = "com.apple.product-type.bundle";
		};
		4F6B6525111E2FA100BABD7F /* fyrep-cocoatouchTesting */ = {
			isa = PBXNativeTarget;
			buildConfigurationList = 4F6B6532111E2FA100BABD7F /* Build configuration list for PBXNativeTarget "fyrep-cocoatouchTesting" */;
			buildPhases = (
				4F6B6526111E2FA100BABD7F /* Resources */,
				4F6B6528111E2FA100BABD7F /* Sources */,
				4F6B652E111E2FA100BABD7F /* Frameworks */,
			);
			buildRules = (
			);
			dependencies = (
				4F6B6561111E2FFE00BABD7F /* PBXTargetDependency */,
			);
			name = "fyrep-cocoatouchTesting";
			productName = "fyrep-cocoatouch";
			productReference = 4F6B6535111E2FA100BABD7F /* fyrep-cocoatouchTesting.app */;
			productType = "com.apple.product-type.application";
		};
		4F9DEF56111E287B00FDB6AD /* LogicTests */ = {
			isa = PBXNativeTarget;
			buildConfigurationList = 4F9DEF5B111E287B00FDB6AD /* Build configuration list for PBXNativeTarget "LogicTests" */;
			buildPhases = (
				4F9DEF52111E287B00FDB6AD /* Resources */,
				4F9DEF53111E287B00FDB6AD /* Sources */,
				4F9DEF54111E287B00FDB6AD /* Frameworks */,
				4FB068BD119CC56D003BABCA /* Copy Quetzal Files */,
				4F9DEF55111E287B00FDB6AD /* Run Unit Tests */,
			);
			buildRules = (
			);
			dependencies = (
			);
			name = LogicTests;
			productName = LogicTests;
			productReference = 4F9DEF57111E287B00FDB6AD /* LogicTests.octest */;
			productType = "com.apple.product-type.bundle";
		};
/* End PBXNativeTarget section */

/* Begin PBXProject section */
		29B97313FDCFA39411CA2CEA /* Project object */ = {
			isa = PBXProject;
			attributes = {
				ORGANIZATIONNAME = "Textfyre, Inc";
			};
			buildConfigurationList = C01FCF4E08A954540054247B /* Build configuration list for PBXProject "fyrep-cocoatouch" */;
			compatibilityVersion = "Xcode 3.2";
			hasScannedForEncodings = 1;
			mainGroup = 29B97314FDCFA39411CA2CEA /* CustomTemplate */;
			projectDirPath = "";
			projectRoots = (
				"",
				../../Shared,
			);
			targets = (
				1D6058900D05DD3D006BFB54 /* fyrep-cocoatouch */,
				4F9DEF56111E287B00FDB6AD /* LogicTests */,
				4F6B6525111E2FA100BABD7F /* fyrep-cocoatouchTesting */,
				4F05E9AB111E0CA400C90CB3 /* ApplicationTests */,
			);
		};
/* End PBXProject section */

/* Begin PBXResourcesBuildPhase section */
		1D60588D0D05DD3D006BFB54 /* Resources */ = {
			isa = PBXResourcesBuildPhase;
			buildActionMask = 2147483647;
			files = (
				28AD733F0D9D9553002E5188 /* TextfyreApp-iPhone MainWindow.xib in Resources */,
				4F50FA5E1130915B006D0738 /* Opcodes.plist in Resources */,
			);
			runOnlyForDeploymentPostprocessing = 0;
		};
		4F05E9A7111E0CA400C90CB3 /* Resources */ = {
			isa = PBXResourcesBuildPhase;
			buildActionMask = 2147483647;
			files = (
				4F6B6504111E2B4C00BABD7F /* sh-v1.2e.ulx in Resources */,
				4F6B6505111E2B4C00BABD7F /* sh-v1.0de.ulx in Resources */,
				4F6B6506111E2B4C00BABD7F /* sh-v1.0e.ulx in Resources */,
			);
			runOnlyForDeploymentPostprocessing = 0;
		};
		4F6B6526111E2FA100BABD7F /* Resources */ = {
			isa = PBXResourcesBuildPhase;
			buildActionMask = 2147483647;
			files = (
				4F6B6527111E2FA100BABD7F /* TextfyreApp-iPhone MainWindow.xib in Resources */,
				4F6B65B5111E300800BABD7F /* ApplicationTests.octest in Resources */,
				4F50FA5F1130915B006D0738 /* Opcodes.plist in Resources */,
			);
			runOnlyForDeploymentPostprocessing = 0;
		};
		4F9DEF52111E287B00FDB6AD /* Resources */ = {
			isa = PBXResourcesBuildPhase;
			buildActionMask = 2147483647;
			files = (
				4F6B6507111E2B4C00BABD7F /* sh-v1.2e.ulx in Resources */,
				4F6B6508111E2B4C00BABD7F /* sh-v1.0de.ulx in Resources */,
				4F6B6509111E2B4C00BABD7F /* sh-v1.0e.ulx in Resources */,
				4F50FA601130915B006D0738 /* Opcodes.plist in Resources */,
			);
			runOnlyForDeploymentPostprocessing = 0;
		};
/* End PBXResourcesBuildPhase section */

/* Begin PBXShellScriptBuildPhase section */
		4F05E9AA111E0CA400C90CB3 /* Run Unit Tests */ = {
			isa = PBXShellScriptBuildPhase;
			buildActionMask = 2147483647;
			files = (
			);
			inputPaths = (
			);
			name = "Run Unit Tests";
			outputPaths = (
			);
			runOnlyForDeploymentPostprocessing = 0;
			shellPath = /bin/sh;
			shellScript = "# Run the unit tests in this test bundle.\n\"${SYSTEM_DEVELOPER_DIR}/Tools/RunUnitTests\"\n";
			showEnvVarsInLog = 0;
		};
		4F9DEF55111E287B00FDB6AD /* Run Unit Tests */ = {
			isa = PBXShellScriptBuildPhase;
			buildActionMask = 2147483647;
			files = (
			);
			inputPaths = (
			);
			name = "Run Unit Tests";
			outputPaths = (
			);
			runOnlyForDeploymentPostprocessing = 0;
			shellPath = /bin/sh;
			shellScript = "# Run the unit tests in this test bundle.\n\"${SYSTEM_DEVELOPER_DIR}/Tools/RunUnitTests\"\n";
			showEnvVarsInLog = 0;
		};
		4FB068BD119CC56D003BABCA /* Copy Quetzal Files */ = {
			isa = PBXShellScriptBuildPhase;
			buildActionMask = 2147483647;
			files = (
			);
			inputPaths = (
			);
			name = "Copy Quetzal Files";
			outputPaths = (
			);
			runOnlyForDeploymentPostprocessing = 0;
			shellPath = /bin/sh;
			shellScript = "FROM_DIRECTORY=\"$SRCROOT/../../Shared/TextfyreVM-Foundation/UnitTests/\"\nTO_DIRECTORY=\"$BUILT_PRODUCTS_DIR/$FULL_PRODUCT_NAME/\"\n\ndelete_and_copy()\n{\n\tname=$1\n\n\tif [ -d \"$TO_DIRECTORY/$name\" ]; then\n\t\t/bin/rm -rf \"$TO_DIRECTORY/$name\"\n\t\tif [ $? != 0 ]; then\n\t\t\texit $?\n\t\tfi\n\tfi\n\n\tcp -r \"$FROM_DIRECTORY/$name\" \"$TO_DIRECTORY/$name\"\n\tif [ $? != 0 ]; then\n\t\texit $?\n\tfi\n}\n\ndelete_and_copy \"Quetzal Valid Files\"\ndelete_and_copy \"Quetzal Invalid Files\"";
		};
		4FB068CE119CC5FA003BABCA /* Copy Quetzal Files */ = {
			isa = PBXShellScriptBuildPhase;
			buildActionMask = 2147483647;
			files = (
			);
			inputPaths = (
			);
			name = "Copy Quetzal Files";
			outputPaths = (
			);
			runOnlyForDeploymentPostprocessing = 0;
			shellPath = /bin/sh;
			shellScript = "FROM_DIRECTORY=\"$SRCROOT/../../Shared/TextfyreVM-Foundation/UnitTests/\"\nTO_DIRECTORY=\"$BUILT_PRODUCTS_DIR/$FULL_PRODUCT_NAME/\"\n\ndelete_and_copy()\n{\n\tname=$1\n\n\tif [ -d \"$TO_DIRECTORY/$name\" ]; then\n\t\t/bin/rm -rf \"$TO_DIRECTORY/$name\"\n\t\tif [ $? != 0 ]; then\n\t\t\texit $?\n\t\tfi\n\tfi\n\n\tcp -r \"$FROM_DIRECTORY/$name\" \"$TO_DIRECTORY/$name\"\n\tif [ $? != 0 ]; then\n\t\texit $?\n\tfi\n}\n\ndelete_and_copy \"Quetzal Valid Files\"\ndelete_and_copy \"Quetzal Invalid Files\"";
		};
/* End PBXShellScriptBuildPhase section */

/* Begin PBXSourcesBuildPhase section */
		1D60588E0D05DD3D006BFB54 /* Sources */ = {
			isa = PBXSourcesBuildPhase;
			buildActionMask = 2147483647;
			files = (
				1D60589B0D05DD56006BFB54 /* TextfyreApp-iPhone main.m in Sources */,
				1D3623260D0F684500981E51 /* TextfyreApp-iPhoneAppDelegate.m in Sources */,
				4F571F241140E3B500C490F4 /* TFArguments.m in Sources */,
				4F44C2B1111BE776006B05D2 /* TFEngine.m in Sources */,
				4FFE4BF0111F960800467156 /* TFEngine_Opcodes.m in Sources */,
				4F1E0D071142ED2E004BB393 /* TFEngine_Output.m in Sources */,
				4F1E109F1143826F004BB393 /* TFHeapAllocator.m in Sources */,
				4F10338711448241009006DE /* TFInterpreter.m in Sources */,
				4F50FB261130DF21006D0738 /* TFOpcode.m in Sources */,
				4F4D7F38114C45E000EA5308 /* TFOutputBuffer.m in Sources */,
				4F90A0BA1198D2EC00307D72 /* TFOutputFilterTags.m in Sources */,
				4F90A0BB1198D2EC00307D72 /* TFQuetzal.m in Sources */,
				4FA24394114B6FAB008469AC /* TFStrNode.m in Sources */,
				4F3E15001114E4D100007CFC /* TFUlxImage.m in Sources */,
				4FB17B871139D43B009491D3 /* TFVeneer.m in Sources */,
			);
			runOnlyForDeploymentPostprocessing = 0;
		};
		4F05E9A8111E0CA400C90CB3 /* Sources */ = {
			isa = PBXSourcesBuildPhase;
			buildActionMask = 2147483647;
			files = (
				4F1E10A9114382CB004BB393 /* TestTFArguments.m in Sources */,
				4F50FCE4113115D9006D0738 /* TestTFEngine.m in Sources */,
				4F1E10A8114382CA004BB393 /* TestTFHeapAllocator.m in Sources */,
				4F50FBCE113106EF006D0738 /* TestTFOpcode.m in Sources */,
				4FB06796119CB4A0003BABCA /* TestTFQuetzal.m in Sources */,
				4F05E9B7111E0DA600C90CB3 /* TestTFUlxImage.m in Sources */,
			);
			runOnlyForDeploymentPostprocessing = 0;
		};
		4F6B6528111E2FA100BABD7F /* Sources */ = {
			isa = PBXSourcesBuildPhase;
			buildActionMask = 2147483647;
			files = (
				4F6B6529111E2FA100BABD7F /* TextfyreApp-iPhone main.m in Sources */,
				4F6B652A111E2FA100BABD7F /* TextfyreApp-iPhoneAppDelegate.m in Sources */,
				4F571F221140E3B500C490F4 /* TFArguments.m in Sources */,
				4F6B652D111E2FA100BABD7F /* TFEngine.m in Sources */,
				4FFE4BF1111F960800467156 /* TFEngine_Opcodes.m in Sources */,
				4F1E0D091142ED2E004BB393 /* TFEngine_Output.m in Sources */,
				4F1E10A11143826F004BB393 /* TFHeapAllocator.m in Sources */,
				4F10338911448241009006DE /* TFInterpreter.m in Sources */,
				4F50FB271130DF21006D0738 /* TFOpcode.m in Sources */,
				4F4D7F37114C45E000EA5308 /* TFOutputBuffer.m in Sources */,
				4F90A0B81198D2EC00307D72 /* TFOutputFilterTags.m in Sources */,
				4F90A0B91198D2EC00307D72 /* TFQuetzal.m in Sources */,
				4FA24393114B6FAB008469AC /* TFStrNode.m in Sources */,
				4F6B652B111E2FA100BABD7F /* TFUlxImage.m in Sources */,
				4FB17B851139D43B009491D3 /* TFVeneer.m in Sources */,
			);
			runOnlyForDeploymentPostprocessing = 0;
		};
		4F9DEF53111E287B00FDB6AD /* Sources */ = {
			isa = PBXSourcesBuildPhase;
			buildActionMask = 2147483647;
			files = (
				4F571F231140E3B500C490F4 /* TFArguments.m in Sources */,
				4F6B64FD111E2B0300BABD7F /* TFEngine.m in Sources */,
				4FFE4BEF111F960800467156 /* TFEngine_Opcodes.m in Sources */,
				4F1E0D081142ED2E004BB393 /* TFEngine_Output.m in Sources */,
				4F1E10A01143826F004BB393 /* TFHeapAllocator.m in Sources */,
				4F10338811448241009006DE /* TFInterpreter.m in Sources */,
				4F50FB251130DF21006D0738 /* TFOpcode.m in Sources */,
				4F4D7F36114C45E000EA5308 /* TFOutputBuffer.m in Sources */,
				4F90A0B61198D2EC00307D72 /* TFOutputFilterTags.m in Sources */,
				4F90A0B71198D2EC00307D72 /* TFQuetzal.m in Sources */,
				4FA24392114B6FAB008469AC /* TFStrNode.m in Sources */,
				4F6B64FB111E2B0300BABD7F /* TFUlxImage.m in Sources */,
				4FB17B861139D43B009491D3 /* TFVeneer.m in Sources */,
				4F1E108711438216004BB393 /* TestTFArguments.m in Sources */,
				4F50FCE2113115C3006D0738 /* TestTFEngine.m in Sources */,
				4F1E108F11438247004BB393 /* TestTFHeapAllocator.m in Sources */,
				4F50FBC9113106B1006D0738 /* TestTFOpcode.m in Sources */,
				4FB06778119CB483003BABCA /* TestTFQuetzal.m in Sources */,
				4F6B64FE111E2B0300BABD7F /* TestTFUlxImage.m in Sources */,
			);
			runOnlyForDeploymentPostprocessing = 0;
		};
/* End PBXSourcesBuildPhase section */

/* Begin PBXTargetDependency section */
		4F6B6561111E2FFE00BABD7F /* PBXTargetDependency */ = {
			isa = PBXTargetDependency;
			target = 4F05E9AB111E0CA400C90CB3 /* ApplicationTests */;
			targetProxy = 4F6B6560111E2FFE00BABD7F /* PBXContainerItemProxy */;
		};
		4FDFB003111E8BCE00284945 /* PBXTargetDependency */ = {
			isa = PBXTargetDependency;
			target = 1D6058900D05DD3D006BFB54 /* fyrep-cocoatouch */;
			targetProxy = 4FDFB002111E8BCE00284945 /* PBXContainerItemProxy */;
		};
/* End PBXTargetDependency section */

/* Begin XCBuildConfiguration section */
		1D6058940D05DD3E006BFB54 /* Debug */ = {
			isa = XCBuildConfiguration;
			buildSettings = {
				ALWAYS_SEARCH_USER_PATHS = NO;
				COPY_PHASE_STRIP = NO;
				GCC_DYNAMIC_NO_PIC = NO;
				GCC_OPTIMIZATION_LEVEL = 0;
				GCC_PRECOMPILE_PREFIX_HEADER = YES;
				GCC_PREFIX_HEADER = "TextfyreApp-iPhone_Prefix.pch";
				GCC_SYMBOLS_PRIVATE_EXTERN = NO;
				INFOPLIST_FILE = "TextfyreApp-iPhone-Info.plist";
				PRODUCT_NAME = "fyrep-cocoatouch";
			};
			name = Debug;
		};
		1D6058950D05DD3E006BFB54 /* Release */ = {
			isa = XCBuildConfiguration;
			buildSettings = {
				ALWAYS_SEARCH_USER_PATHS = NO;
				COPY_PHASE_STRIP = YES;
				FRAMEWORK_SEARCH_PATHS = (
					"$(inherited)",
					"\"$(DEVELOPER_FRAMEWORKS_DIR)\"",
				);
				GCC_PRECOMPILE_PREFIX_HEADER = YES;
				GCC_PREFIX_HEADER = fyrep_cocoatouch_Prefix.pch;
				INFOPLIST_FILE = "fyrep_cocoatouch-Info.plist";
				PRODUCT_NAME = "fyrep-cocoatouch";
			};
			name = Release;
		};
		4F05E9AE111E0CA500C90CB3 /* Debug */ = {
			isa = XCBuildConfiguration;
			buildSettings = {
				ALWAYS_SEARCH_USER_PATHS = NO;
				BUNDLE_LOADER = "$(BUILT_PRODUCTS_DIR)/fyrep-cocoatouch.app/fyrep-cocoatouch";
				COPY_PHASE_STRIP = NO;
				FRAMEWORK_SEARCH_PATHS = (
					"\"$(SDKROOT)/Developer/Library/Frameworks\"",
					"\"$(DEVELOPER_LIBRARY_DIR)/Frameworks\"",
				);
				GCC_DYNAMIC_NO_PIC = NO;
				GCC_ENABLE_FIX_AND_CONTINUE = NO;
				GCC_ENABLE_OBJC_EXCEPTIONS = YES;
				GCC_OPTIMIZATION_LEVEL = 0;
				GCC_PRECOMPILE_PREFIX_HEADER = YES;
				GCC_PREFIX_HEADER = "TextfyreApp-iPhone_Prefix.pch";
				INFOPLIST_FILE = "ApplicationTests/TextfyreApp-iPhone-ApplicationTests-Info.plist";
				PREBINDING = NO;
				PRODUCT_NAME = ApplicationTests;
				WRAPPER_EXTENSION = octest;
			};
			name = Debug;
		};
		4F05E9AF111E0CA500C90CB3 /* Release */ = {
			isa = XCBuildConfiguration;
			buildSettings = {
				ALWAYS_SEARCH_USER_PATHS = NO;
				BUNDLE_LOADER = "$(BUILT_PRODUCTS_DIR)/fyrep-cocoatouch.app/fyrep-cocoatouch";
				COPY_PHASE_STRIP = YES;
				FRAMEWORK_SEARCH_PATHS = "$(SDK_DIR)/Developer/Library/Frameworks";
				GCC_ENABLE_FIX_AND_CONTINUE = NO;
				GCC_ENABLE_OBJC_EXCEPTIONS = YES;
				GCC_PRECOMPILE_PREFIX_HEADER = YES;
				GCC_PREFIX_HEADER = "$(SYSTEM_LIBRARY_DIR)/Frameworks/UIKit.framework/Headers/UIKit.h";
				INFOPLIST_FILE = "ApplicationTests/ApplicationTests-Info.plist";
				PREBINDING = NO;
				PRODUCT_NAME = ApplicationTests;
				WRAPPER_EXTENSION = octest;
				ZERO_LINK = NO;
			};
			name = Release;
		};
		4F6B6533111E2FA100BABD7F /* Debug */ = {
			isa = XCBuildConfiguration;
			buildSettings = {
				ALWAYS_SEARCH_USER_PATHS = NO;
				COPY_PHASE_STRIP = NO;
				GCC_DYNAMIC_NO_PIC = NO;
				GCC_OPTIMIZATION_LEVEL = 0;
				GCC_PRECOMPILE_PREFIX_HEADER = YES;
				GCC_PREFIX_HEADER = "TextfyreApp-iPhone_Prefix.pch";
				GCC_SYMBOLS_PRIVATE_EXTERN = NO;
				INFOPLIST_FILE = "TextfyreApp-iPhone-Info.plist";
				PRODUCT_NAME = "fyrep-cocoatouchTesting";
			};
			name = Debug;
		};
		4F6B6534111E2FA100BABD7F /* Release */ = {
			isa = XCBuildConfiguration;
			buildSettings = {
				ALWAYS_SEARCH_USER_PATHS = NO;
				COPY_PHASE_STRIP = YES;
				FRAMEWORK_SEARCH_PATHS = (
					"$(inherited)",
					"\\\"$(DEVELOPER_FRAMEWORKS_DIR)\\\"",
				);
				GCC_PRECOMPILE_PREFIX_HEADER = YES;
				GCC_PREFIX_HEADER = fyrep_cocoatouch_Prefix.pch;
				GCC_SYMBOLS_PRIVATE_EXTERN = NO;
				INFOPLIST_FILE = "fyrep_cocoatouch-Info copy.plist";
				PRODUCT_NAME = "fyrep-cocoatouch";
			};
			name = Release;
		};
		4F9DEF59111E287B00FDB6AD /* Debug */ = {
			isa = XCBuildConfiguration;
			buildSettings = {
				ALWAYS_SEARCH_USER_PATHS = NO;
				COPY_PHASE_STRIP = NO;
				FRAMEWORK_SEARCH_PATHS = (
					"\"$(SDKROOT)/Developer/Library/Frameworks\"",
					"\"$(DEVELOPER_LIBRARY_DIR)/Frameworks\"",
				);
				GCC_DYNAMIC_NO_PIC = NO;
				GCC_ENABLE_FIX_AND_CONTINUE = NO;
				GCC_ENABLE_OBJC_EXCEPTIONS = YES;
				GCC_MODEL_TUNING = G5;
				GCC_OPTIMIZATION_LEVEL = 0;
				GCC_PRECOMPILE_PREFIX_HEADER = YES;
				GCC_PREFIX_HEADER = "TextfyreApp-iPhone_Prefix.pch";
				INFOPLIST_FILE = "LogicTests/TextfyreApp-iPhone-LogicTests-Info.plist";
				INSTALL_PATH = "$(USER_LIBRARY_DIR)/Bundles";
				PREBINDING = NO;
				PRODUCT_NAME = LogicTests;
				WRAPPER_EXTENSION = octest;
			};
			name = Debug;
		};
		4F9DEF5A111E287B00FDB6AD /* Release */ = {
			isa = XCBuildConfiguration;
			buildSettings = {
				ALWAYS_SEARCH_USER_PATHS = NO;
				COPY_PHASE_STRIP = YES;
				DEBUG_INFORMATION_FORMAT = "dwarf-with-dsym";
				FRAMEWORK_SEARCH_PATHS = "$(DEVELOPER_LIBRARY_DIR)/Frameworks";
				GCC_ENABLE_FIX_AND_CONTINUE = NO;
				GCC_ENABLE_OBJC_EXCEPTIONS = YES;
				GCC_MODEL_TUNING = G5;
				GCC_PRECOMPILE_PREFIX_HEADER = YES;
				GCC_PREFIX_HEADER = "$(SYSTEM_LIBRARY_DIR)/Frameworks/UIKit.framework/Headers/UIKit.h";
				INFOPLIST_FILE = "LogicTests/LogicTests-Info.plist";
				INSTALL_PATH = "$(USER_LIBRARY_DIR)/Bundles";
				PREBINDING = NO;
				PRODUCT_NAME = LogicTests;
				WRAPPER_EXTENSION = octest;
				ZERO_LINK = NO;
			};
			name = Release;
		};
		C01FCF4F08A954540054247B /* Debug */ = {
			isa = XCBuildConfiguration;
			buildSettings = {
				ARCHS = "$(ARCHS_STANDARD_32_BIT)";
				"CODE_SIGN_IDENTITY[sdk=iphoneos*]" = "iPhone Developer";
				GCC_C_LANGUAGE_STANDARD = c99;
				GCC_WARN_ABOUT_RETURN_TYPE = YES;
				GCC_WARN_UNUSED_VARIABLE = YES;
				PREBINDING = NO;
				SDKROOT = iphonesimulator3.0;
			};
			name = Debug;
		};
		C01FCF5008A954540054247B /* Release */ = {
			isa = XCBuildConfiguration;
			buildSettings = {
				ARCHS = "$(ARCHS_STANDARD_32_BIT)";
				"CODE_SIGN_IDENTITY[sdk=iphoneos*]" = "iPhone Developer";
				GCC_C_LANGUAGE_STANDARD = c99;
				GCC_WARN_ABOUT_RETURN_TYPE = YES;
				GCC_WARN_UNUSED_VARIABLE = YES;
				PREBINDING = NO;
				SDKROOT = iphonesimulator3.0;
			};
			name = Release;
		};
/* End XCBuildConfiguration section */

/* Begin XCConfigurationList section */
		1D6058960D05DD3E006BFB54 /* Build configuration list for PBXNativeTarget "fyrep-cocoatouch" */ = {
			isa = XCConfigurationList;
			buildConfigurations = (
				1D6058940D05DD3E006BFB54 /* Debug */,
				1D6058950D05DD3E006BFB54 /* Release */,
			);
			defaultConfigurationIsVisible = 0;
			defaultConfigurationName = Release;
		};
		4F05E9B0111E0CA500C90CB3 /* Build configuration list for PBXNativeTarget "ApplicationTests" */ = {
			isa = XCConfigurationList;
			buildConfigurations = (
				4F05E9AE111E0CA500C90CB3 /* Debug */,
				4F05E9AF111E0CA500C90CB3 /* Release */,
			);
			defaultConfigurationIsVisible = 0;
			defaultConfigurationName = Release;
		};
		4F6B6532111E2FA100BABD7F /* Build configuration list for PBXNativeTarget "fyrep-cocoatouchTesting" */ = {
			isa = XCConfigurationList;
			buildConfigurations = (
				4F6B6533111E2FA100BABD7F /* Debug */,
				4F6B6534111E2FA100BABD7F /* Release */,
			);
			defaultConfigurationIsVisible = 0;
			defaultConfigurationName = Release;
		};
		4F9DEF5B111E287B00FDB6AD /* Build configuration list for PBXNativeTarget "LogicTests" */ = {
			isa = XCConfigurationList;
			buildConfigurations = (
				4F9DEF59111E287B00FDB6AD /* Debug */,
				4F9DEF5A111E287B00FDB6AD /* Release */,
			);
			defaultConfigurationIsVisible = 0;
			defaultConfigurationName = Release;
		};
		C01FCF4E08A954540054247B /* Build configuration list for PBXProject "fyrep-cocoatouch" */ = {
			isa = XCConfigurationList;
			buildConfigurations = (
				C01FCF4F08A954540054247B /* Debug */,
				C01FCF5008A954540054247B /* Release */,
			);
			defaultConfigurationIsVisible = 0;
			defaultConfigurationName = Release;
		};
/* End XCConfigurationList section */
	};
	rootObject = 29B97313FDCFA39411CA2CEA /* Project object */;
}
